// !$*UTF8*$!
{
	archiveVersion = 1;
	classes = {
	};
	objectVersion = 46;
	objects = {

/* Begin PBXBuildFile section */
		BA3459B11F79941A0078E425 /* libMercury.a in Frameworks */ = {isa = PBXBuildFile; fileRef = BA3459B01F79941A0078E425 /* libMercury.a */; };
		BA345A181F79999A0078E425 /* MediaFileStream.m in Sources */ = {isa = PBXBuildFile; fileRef = BA345A0F1F79999A0078E425 /* MediaFileStream.m */; };
		BA345A191F79999A0078E425 /* MediaInfo.m in Sources */ = {isa = PBXBuildFile; fileRef = BA345A111F79999A0078E425 /* MediaInfo.m */; };
		BA345A1A1F79999A0078E425 /* MediaStreamDownloader.m in Sources */ = {isa = PBXBuildFile; fileRef = BA345A131F79999A0078E425 /* MediaStreamDownloader.m */; };
		BA345A1B1F79999A0078E425 /* MediaURLStream.m in Sources */ = {isa = PBXBuildFile; fileRef = BA345A171F79999A0078E425 /* MediaURLStream.m */; };
/* End PBXBuildFile section */

/* Begin PBXCopyFilesBuildPhase section */
		BA34599B1F7993540078E425 /* CopyFiles */ = {
			isa = PBXCopyFilesBuildPhase;
			buildActionMask = 2147483647;
			dstPath = "include/$(PRODUCT_NAME)";
			dstSubfolderSpec = 16;
			files = (
			);
			runOnlyForDeploymentPostprocessing = 0;
		};
/* End PBXCopyFilesBuildPhase section */

/* Begin PBXFileReference section */
		BA34599D1F7993540078E425 /* libMediaStorage.Streaming.a */ = {isa = PBXFileReference; explicitFileType = archive.ar; includeInIndex = 0; path = libMediaStorage.Streaming.a; sourceTree = BUILT_PRODUCTS_DIR; };
		BA3459B01F79941A0078E425 /* libMercury.a */ = {isa = PBXFileReference; lastKnownFileType = archive.ar; name = libMercury.a; path = "../../../../../../Library/Developer/Xcode/DerivedData/MediaStorageApp-asfiszymrciflpdynuyfwgrqkrtv/Build/Products/Debug-iphonesimulator/libMercury.a"; sourceTree = "<group>"; };
		BA345A0E1F79999A0078E425 /* MediaFileStream.h */ = {isa = PBXFileReference; fileEncoding = 4; lastKnownFileType = sourcecode.c.h; path = MediaFileStream.h; sourceTree = "<group>"; };
		BA345A0F1F79999A0078E425 /* MediaFileStream.m */ = {isa = PBXFileReference; fileEncoding = 4; lastKnownFileType = sourcecode.c.objc; path = MediaFileStream.m; sourceTree = "<group>"; };
		BA345A101F79999A0078E425 /* MediaInfo.h */ = {isa = PBXFileReference; fileEncoding = 4; lastKnownFileType = sourcecode.c.h; path = MediaInfo.h; sourceTree = "<group>"; };
		BA345A111F79999A0078E425 /* MediaInfo.m */ = {isa = PBXFileReference; fileEncoding = 4; lastKnownFileType = sourcecode.c.objc; path = MediaInfo.m; sourceTree = "<group>"; };
		BA345A121F79999A0078E425 /* MediaStreamDownloader.h */ = {isa = PBXFileReference; fileEncoding = 4; lastKnownFileType = sourcecode.c.h; path = MediaStreamDownloader.h; sourceTree = "<group>"; };
		BA345A131F79999A0078E425 /* MediaStreamDownloader.m */ = {isa = PBXFileReference; fileEncoding = 4; lastKnownFileType = sourcecode.c.objc; path = MediaStreamDownloader.m; sourceTree = "<group>"; };
		BA345A141F79999A0078E425 /* MediaStreamProtocol.h */ = {isa = PBXFileReference; fileEncoding = 4; lastKnownFileType = sourcecode.c.h; path = MediaStreamProtocol.h; sourceTree = "<group>"; };
		BA345A151F79999A0078E425 /* MediaStreamReaderProtocol.h */ = {isa = PBXFileReference; fileEncoding = 4; lastKnownFileType = sourcecode.c.h; path = MediaStreamReaderProtocol.h; sourceTree = "<group>"; };
		BA345A161F79999A0078E425 /* MediaURLStream.h */ = {isa = PBXFileReference; fileEncoding = 4; lastKnownFileType = sourcecode.c.h; path = MediaURLStream.h; sourceTree = "<group>"; };
		BA345A171F79999A0078E425 /* MediaURLStream.m */ = {isa = PBXFileReference; fileEncoding = 4; lastKnownFileType = sourcecode.c.objc; path = MediaURLStream.m; sourceTree = "<group>"; };
/* End PBXFileReference section */

/* Begin PBXFrameworksBuildPhase section */
		BA34599A1F7993540078E425 /* Frameworks */ = {
			isa = PBXFrameworksBuildPhase;
			buildActionMask = 2147483647;
			files = (
				BA3459B11F79941A0078E425 /* libMercury.a in Frameworks */,
			);
			runOnlyForDeploymentPostprocessing = 0;
		};
/* End PBXFrameworksBuildPhase section */

/* Begin PBXGroup section */
		BA3459941F7993540078E425 = {
			isa = PBXGroup;
			children = (
				BA34599F1F7993540078E425 /* MediaStorage.Streaming */,
				BA34599E1F7993540078E425 /* Products */,
				BA3459AF1F79941A0078E425 /* Frameworks */,
			);
			sourceTree = "<group>";
		};
		BA34599E1F7993540078E425 /* Products */ = {
			isa = PBXGroup;
			children = (
				BA34599D1F7993540078E425 /* libMediaStorage.Streaming.a */,
			);
			name = Products;
			sourceTree = "<group>";
		};
		BA34599F1F7993540078E425 /* MediaStorage.Streaming */ = {
			isa = PBXGroup;
			children = (
				BA345A0E1F79999A0078E425 /* MediaFileStream.h */,
				BA345A0F1F79999A0078E425 /* MediaFileStream.m */,
				BA345A101F79999A0078E425 /* MediaInfo.h */,
				BA345A111F79999A0078E425 /* MediaInfo.m */,
				BA345A121F79999A0078E425 /* MediaStreamDownloader.h */,
				BA345A131F79999A0078E425 /* MediaStreamDownloader.m */,
				BA345A141F79999A0078E425 /* MediaStreamProtocol.h */,
				BA345A151F79999A0078E425 /* MediaStreamReaderProtocol.h */,
				BA345A161F79999A0078E425 /* MediaURLStream.h */,
				BA345A171F79999A0078E425 /* MediaURLStream.m */,
			);
			path = MediaStorage.Streaming;
			sourceTree = "<group>";
		};
		BA3459AF1F79941A0078E425 /* Frameworks */ = {
			isa = PBXGroup;
			children = (
				BA3459B01F79941A0078E425 /* libMercury.a */,
			);
			name = Frameworks;
			sourceTree = "<group>";
		};
/* End PBXGroup section */

/* Begin PBXNativeTarget section */
		BA34599C1F7993540078E425 /* MediaStorage.Streaming */ = {
			isa = PBXNativeTarget;
			buildConfigurationList = BA3459A61F7993540078E425 /* Build configuration list for PBXNativeTarget "MediaStorage.Streaming" */;
			buildPhases = (
				BA3459991F7993540078E425 /* Sources */,
				BA34599A1F7993540078E425 /* Frameworks */,
				BA34599B1F7993540078E425 /* CopyFiles */,
			);
			buildRules = (
			);
			dependencies = (
			);
			name = MediaStorage.Streaming;
			productName = MediaStorage.Streaming;
			productReference = BA34599D1F7993540078E425 /* libMediaStorage.Streaming.a */;
			productType = "com.apple.product-type.library.static";
		};
/* End PBXNativeTarget section */

/* Begin PBXProject section */
		BA3459951F7993540078E425 /* Project object */ = {
			isa = PBXProject;
			attributes = {
				LastUpgradeCheck = 0800;
				ORGANIZATIONNAME = "zaqro butskrikidze";
				TargetAttributes = {
					BA34599C1F7993540078E425 = {
						CreatedOnToolsVersion = 8.0;
						DevelopmentTeam = Q32RM795VQ;
						ProvisioningStyle = Automatic;
					};
				};
			};
			buildConfigurationList = BA3459981F7993540078E425 /* Build configuration list for PBXProject "MediaStorage.Streaming" */;
			compatibilityVersion = "Xcode 3.2";
			developmentRegion = English;
			hasScannedForEncodings = 0;
			knownRegions = (
				en,
			);
			mainGroup = BA3459941F7993540078E425;
			productRefGroup = BA34599E1F7993540078E425 /* Products */;
			projectDirPath = "";
			projectRoot = "";
			targets = (
				BA34599C1F7993540078E425 /* MediaStorage.Streaming */,
			);
		};
/* End PBXProject section */

/* Begin PBXSourcesBuildPhase section */
		BA3459991F7993540078E425 /* Sources */ = {
			isa = PBXSourcesBuildPhase;
			buildActionMask = 2147483647;
			files = (
				BA345A191F79999A0078E425 /* MediaInfo.m in Sources */,
				BA345A181F79999A0078E425 /* MediaFileStream.m in Sources */,
				BA345A1B1F79999A0078E425 /* MediaURLStream.m in Sources */,
				BA345A1A1F79999A0078E425 /* MediaStreamDownloader.m in Sources */,
			);
			runOnlyForDeploymentPostprocessing = 0;
		};
/* End PBXSourcesBuildPhase section */

/* Begin XCBuildConfiguration section */
		BA3459A41F7993540078E425 /* Debug */ = {
			isa = XCBuildConfiguration;
			buildSettings = {
				ALWAYS_SEARCH_USER_PATHS = NO;
				CLANG_ANALYZER_NONNULL = YES;
				CLANG_CXX_LANGUAGE_STANDARD = "gnu++0x";
				CLANG_CXX_LIBRARY = "libc++";
				CLANG_ENABLE_MODULES = YES;
				CLANG_ENABLE_OBJC_ARC = YES;
				CLANG_WARN_BOOL_CONVERSION = YES;
				CLANG_WARN_CONSTANT_CONVERSION = YES;
				CLANG_WARN_DIRECT_OBJC_ISA_USAGE = YES_ERROR;
				CLANG_WARN_DOCUMENTATION_COMMENTS = YES;
				CLANG_WARN_EMPTY_BODY = YES;
				CLANG_WARN_ENUM_CONVERSION = YES;
				CLANG_WARN_INFINITE_RECURSION = YES;
				CLANG_WARN_INT_CONVERSION = YES;
				CLANG_WARN_OBJC_ROOT_CLASS = YES_ERROR;
				CLANG_WARN_SUSPICIOUS_MOVES = YES;
				CLANG_WARN_UNREACHABLE_CODE = YES;
				CLANG_WARN__DUPLICATE_METHOD_MATCH = YES;
				"CODE_SIGN_IDENTITY[sdk=iphoneos*]" = "iPhone Developer";
				COPY_PHASE_STRIP = NO;
				DEBUG_INFORMATION_FORMAT = dwarf;
				ENABLE_STRICT_OBJC_MSGSEND = YES;
				ENABLE_TESTABILITY = YES;
				GCC_C_LANGUAGE_STANDARD = gnu99;
				GCC_DYNAMIC_NO_PIC = NO;
				GCC_NO_COMMON_BLOCKS = YES;
				GCC_OPTIMIZATION_LEVEL = 0;
				GCC_PREPROCESSOR_DEFINITIONS = (
					"DEBUG=1",
					"$(inherited)",
				);
				GCC_WARN_64_TO_32_BIT_CONVERSION = YES;
				GCC_WARN_ABOUT_RETURN_TYPE = YES_ERROR;
				GCC_WARN_UNDECLARED_SELECTOR = YES;
				GCC_WARN_UNINITIALIZED_AUTOS = YES_AGGRESSIVE;
				GCC_WARN_UNUSED_FUNCTION = YES;
				GCC_WARN_UNUSED_VARIABLE = YES;
				IPHONEOS_DEPLOYMENT_TARGET = 10.0;
				MTL_ENABLE_DEBUG_INFO = YES;
				ONLY_ACTIVE_ARCH = YES;
				SDKROOT = iphoneos;
			};
			name = Debug;
		};
		BA3459A51F7993540078E425 /* Release */ = {
			isa = XCBuildConfiguration;
			buildSettings = {
				ALWAYS_SEARCH_USER_PATHS = NO;
				CLANG_ANALYZER_NONNULL = YES;
				CLANG_CXX_LANGUAGE_STANDARD = "gnu++0x";
				CLANG_CXX_LIBRARY = "libc++";
				CLANG_ENABLE_MODULES = YES;
				CLANG_ENABLE_OBJC_ARC = YES;
				CLANG_WARN_BOOL_CONVERSION = YES;
				CLANG_WARN_CONSTANT_CONVERSION = YES;
				CLANG_WARN_DIRECT_OBJC_ISA_USAGE = YES_ERROR;
				CLANG_WARN_DOCUMENTATION_COMMENTS = YES;
				CLANG_WARN_EMPTY_BODY = YES;
				CLANG_WARN_ENUM_CONVERSION = YES;
				CLANG_WARN_INFINITE_RECURSION = YES;
				CLANG_WARN_INT_CONVERSION = YES;
				CLANG_WARN_OBJC_ROOT_CLASS = YES_ERROR;
				CLANG_WARN_SUSPICIOUS_MOVES = YES;
				CLANG_WARN_UNREACHABLE_CODE = YES;
				CLANG_WARN__DUPLICATE_METHOD_MATCH = YES;
				"CODE_SIGN_IDENTITY[sdk=iphoneos*]" = "iPhone Developer";
				COPY_PHASE_STRIP = NO;
				DEBUG_INFORMATION_FORMAT = "dwarf-with-dsym";
				ENABLE_NS_ASSERTIONS = NO;
				ENABLE_STRICT_OBJC_MSGSEND = YES;
				GCC_C_LANGUAGE_STANDARD = gnu99;
				GCC_NO_COMMON_BLOCKS = YES;
				GCC_WARN_64_TO_32_BIT_CONVERSION = YES;
				GCC_WARN_ABOUT_RETURN_TYPE = YES_ERROR;
				GCC_WARN_UNDECLARED_SELECTOR = YES;
				GCC_WARN_UNINITIALIZED_AUTOS = YES_AGGRESSIVE;
				GCC_WARN_UNUSED_FUNCTION = YES;
				GCC_WARN_UNUSED_VARIABLE = YES;
				IPHONEOS_DEPLOYMENT_TARGET = 10.0;
				MTL_ENABLE_DEBUG_INFO = NO;
				SDKROOT = iphoneos;
				VALIDATE_PRODUCT = YES;
			};
			name = Release;
		};
		BA3459A71F7993540078E425 /* Debug */ = {
			isa = XCBuildConfiguration;
			buildSettings = {
				DEVELOPMENT_TEAM = Q32RM795VQ;
				OTHER_LDFLAGS = "-ObjC";
				PRODUCT_NAME = "$(TARGET_NAME)";
				SKIP_INSTALL = YES;
				USER_HEADER_SEARCH_PATHS = ../../Mercury;
			};
			name = Debug;
		};
		BA3459A81F7993540078E425 /* Release */ = {
			isa = XCBuildConfiguration;
			buildSettings = {
				DEVELOPMENT_TEAM = Q32RM795VQ;
				OTHER_LDFLAGS = "-ObjC";
				PRODUCT_NAME = "$(TARGET_NAME)";
				SKIP_INSTALL = YES;
				USER_HEADER_SEARCH_PATHS = ../../Mercury;
			};
			name = Release;
		};
/* End XCBuildConfiguration section */

/* Begin XCConfigurationList section */
		BA3459981F7993540078E425 /* Build configuration list for PBXProject "MediaStorage.Streaming" */ = {
			isa = XCConfigurationList;
			buildConfigurations = (
				BA3459A41F7993540078E425 /* Debug */,
				BA3459A51F7993540078E425 /* Release */,
			);
			defaultConfigurationIsVisible = 0;
			defaultConfigurationName = Release;
		};
		BA3459A61F7993540078E425 /* Build configuration list for PBXNativeTarget "MediaStorage.Streaming" */ = {
			isa = XCConfigurationList;
			buildConfigurations = (
				BA3459A71F7993540078E425 /* Debug */,
				BA3459A81F7993540078E425 /* Release */,
			);
			defaultConfigurationIsVisible = 0;
		};
/* End XCConfigurationList section */
	};
	rootObject = BA3459951F7993540078E425 /* Project object */;
}
