// !$*UTF8*$!
{
	archiveVersion = 1;
	classes = {
	};
	objectVersion = 46;
	objects = {

/* Begin PBXBuildFile section */
		BA011D741EFF23EA004D7BDA /* MediaPlayer.framework in Frameworks */ = {isa = PBXBuildFile; fileRef = BA011D731EFF23EA004D7BDA /* MediaPlayer.framework */; };
		BA011D781EFF2445004D7BDA /* AVFoundation.framework in Frameworks */ = {isa = PBXBuildFile; fileRef = BA011D771EFF2445004D7BDA /* AVFoundation.framework */; };
		BA0339F41FD402B80065B8B3 /* AudioPacketsByTimeRequest.m in Sources */ = {isa = PBXBuildFile; fileRef = BA0339F31FD402B80065B8B3 /* AudioPacketsByTimeRequest.m */; };
		BA0339F51FD402B80065B8B3 /* AudioPacketsByTimeRequest.m in Sources */ = {isa = PBXBuildFile; fileRef = BA0339F31FD402B80065B8B3 /* AudioPacketsByTimeRequest.m */; };
		BA15B6E71F9B625A0038F066 /* AudioMetadataInfo.m in Sources */ = {isa = PBXBuildFile; fileRef = BA15B6E61F9B625A0038F066 /* AudioMetadataInfo.m */; };
		BA15B6EB1F9B78340038F066 /* AudioMetadataInfo.m in Sources */ = {isa = PBXBuildFile; fileRef = BA15B6E61F9B625A0038F066 /* AudioMetadataInfo.m */; };
		BA15B6EC1F9B784F0038F066 /* MLAlbum.cpp in Sources */ = {isa = PBXBuildFile; fileRef = BA34D6DD1F05A96F0041EA39 /* MLAlbum.cpp */; };
		BA15B6ED1F9B78550038F066 /* MLArtist.cpp in Sources */ = {isa = PBXBuildFile; fileRef = BA34D6DF1F05A96F0041EA39 /* MLArtist.cpp */; };
		BA15B6EE1F9B78590038F066 /* MLSong.cpp in Sources */ = {isa = PBXBuildFile; fileRef = BA34D6E51F05A96F0041EA39 /* MLSong.cpp */; };
		BA15B6F01F9B78BE0038F066 /* ModiaStorageAppModelTests.m in Sources */ = {isa = PBXBuildFile; fileRef = BA15B6EF1F9B78BE0038F066 /* ModiaStorageAppModelTests.m */; };
		BA1EDA1D1F8102480075B640 /* LibraryInfoRequest.m in Sources */ = {isa = PBXBuildFile; fileRef = BA1EDA1C1F8102480075B640 /* LibraryInfoRequest.m */; };
		BA1EDA231F8103680075B640 /* ImageResourceRequest.m in Sources */ = {isa = PBXBuildFile; fileRef = BA1EDA221F8103680075B640 /* ImageResourceRequest.m */; };
		BA1EDA261F8104860075B640 /* AudioPacketsByOffsetRequest.m in Sources */ = {isa = PBXBuildFile; fileRef = BA1EDA251F8104860075B640 /* AudioPacketsByOffsetRequest.m */; };
		BA34D6B11F0598880041EA39 /* CoreGraphics.framework in Frameworks */ = {isa = PBXBuildFile; fileRef = BA34D6B01F0598880041EA39 /* CoreGraphics.framework */; };
		BA34D6B51F0598980041EA39 /* AudioToolbox.framework in Frameworks */ = {isa = PBXBuildFile; fileRef = BA34D6B41F0598980041EA39 /* AudioToolbox.framework */; };
		BA34D6B71F0598A70041EA39 /* UIKit.framework in Frameworks */ = {isa = PBXBuildFile; fileRef = BA34D6B61F0598A70041EA39 /* UIKit.framework */; };
		BA34D6B91F0598AF0041EA39 /* CoreFoundation.framework in Frameworks */ = {isa = PBXBuildFile; fileRef = BA34D6B81F0598AF0041EA39 /* CoreFoundation.framework */; };
		BA34D6D51F05A94F0041EA39 /* MediaStreamingService.m in Sources */ = {isa = PBXBuildFile; fileRef = BA34D6D41F05A94F0041EA39 /* MediaStreamingService.m */; };
		BA34D6E91F05A96F0041EA39 /* MediaLibraryInfo.cpp in Sources */ = {isa = PBXBuildFile; fileRef = BA34D6D71F05A96F0041EA39 /* MediaLibraryInfo.cpp */; };
		BA34D6EA1F05A96F0041EA39 /* MediaPacket.cpp in Sources */ = {isa = PBXBuildFile; fileRef = BA34D6D91F05A96F0041EA39 /* MediaPacket.cpp */; };
		BA34D6EB1F05A96F0041EA39 /* MediaPackets.cpp in Sources */ = {isa = PBXBuildFile; fileRef = BA34D6DB1F05A96F0041EA39 /* MediaPackets.cpp */; };
		BA34D6EC1F05A96F0041EA39 /* MLAlbum.cpp in Sources */ = {isa = PBXBuildFile; fileRef = BA34D6DD1F05A96F0041EA39 /* MLAlbum.cpp */; };
		BA34D6ED1F05A96F0041EA39 /* MLArtist.cpp in Sources */ = {isa = PBXBuildFile; fileRef = BA34D6DF1F05A96F0041EA39 /* MLArtist.cpp */; };
		BA34D6EE1F05A96F0041EA39 /* MLPlaylist.cpp in Sources */ = {isa = PBXBuildFile; fileRef = BA34D6E11F05A96F0041EA39 /* MLPlaylist.cpp */; };
		BA34D6EF1F05A96F0041EA39 /* MLPlaylistSong.cpp in Sources */ = {isa = PBXBuildFile; fileRef = BA34D6E31F05A96F0041EA39 /* MLPlaylistSong.cpp */; };
		BA34D6F01F05A96F0041EA39 /* MLSong.cpp in Sources */ = {isa = PBXBuildFile; fileRef = BA34D6E51F05A96F0041EA39 /* MLSong.cpp */; };
		BA34D6F11F05A96F0041EA39 /* SessionInfo.cpp in Sources */ = {isa = PBXBuildFile; fileRef = BA34D6E71F05A96F0041EA39 /* SessionInfo.cpp */; };
		BA34D6F91F05AE340041EA39 /* AlbumsViewController.m in Sources */ = {isa = PBXBuildFile; fileRef = BA34D6F41F05AE340041EA39 /* AlbumsViewController.m */; };
		BA34D6FA1F05AE340041EA39 /* NowPlayingController.m in Sources */ = {isa = PBXBuildFile; fileRef = BA34D6F61F05AE340041EA39 /* NowPlayingController.m */; };
		BA34D6FB1F05AE340041EA39 /* SongsTableViewController.m in Sources */ = {isa = PBXBuildFile; fileRef = BA34D6F81F05AE340041EA39 /* SongsTableViewController.m */; };
		BA3638321F9BD12E00BAD05A /* Player.m in Sources */ = {isa = PBXBuildFile; fileRef = BA36382C1F9BD12E00BAD05A /* Player.m */; };
		BA3638331F9BD12E00BAD05A /* StreamPlayerManager.m in Sources */ = {isa = PBXBuildFile; fileRef = BA36382F1F9BD12E00BAD05A /* StreamPlayerManager.m */; };
		BA3638341F9BD12E00BAD05A /* StreamPlayerPlaylist.m in Sources */ = {isa = PBXBuildFile; fileRef = BA3638311F9BD12E00BAD05A /* StreamPlayerPlaylist.m */; };
		BA3638381F9BE9F400BAD05A /* AudioStreamDecoder.m in Sources */ = {isa = PBXBuildFile; fileRef = BA3638371F9BE9F400BAD05A /* AudioStreamDecoder.m */; };
		BA49BDEB1FCAE6BB0030C7A3 /* AlbumSongsTableViewCell.m in Sources */ = {isa = PBXBuildFile; fileRef = BA49BDEA1FCAE6BB0030C7A3 /* AlbumSongsTableViewCell.m */; };
		BA49BDF01FCAF3400030C7A3 /* AlbumsTableViewCell.m in Sources */ = {isa = PBXBuildFile; fileRef = BA49BDEF1FCAF3400030C7A3 /* AlbumsTableViewCell.m */; };
		BA4A20431F9D42F1009DA8BF /* AudioStreamPacketsInfo.m in Sources */ = {isa = PBXBuildFile; fileRef = BA4A20421F9D42F1009DA8BF /* AudioStreamPacketsInfo.m */; };
		BA4A20441F9D42F1009DA8BF /* AudioStreamPacketsInfo.m in Sources */ = {isa = PBXBuildFile; fileRef = BA4A20421F9D42F1009DA8BF /* AudioStreamPacketsInfo.m */; };
		BA744A561FAE583800962CA8 /* AudioMetadataInfo+DataContracts.m in Sources */ = {isa = PBXBuildFile; fileRef = BA744A551FAE583800962CA8 /* AudioMetadataInfo+DataContracts.m */; };
		BA744A5A1FAE586600962CA8 /* MediaPlayerControlCenter.m in Sources */ = {isa = PBXBuildFile; fileRef = BA744A581FAE586600962CA8 /* MediaPlayerControlCenter.m */; };
		BA83ED951EF5C9C1000E5DDA /* CustomPresentationController.m in Sources */ = {isa = PBXBuildFile; fileRef = BA83ED941EF5C9C1000E5DDA /* CustomPresentationController.m */; };
		BA87FBD71EE7327300F56A7A /* main.m in Sources */ = {isa = PBXBuildFile; fileRef = BA87FBD61EE7327300F56A7A /* main.m */; };
		BA87FBDA1EE7327300F56A7A /* AppDelegate.m in Sources */ = {isa = PBXBuildFile; fileRef = BA87FBD91EE7327300F56A7A /* AppDelegate.m */; };
		BA87FBE01EE7327300F56A7A /* Main.storyboard in Resources */ = {isa = PBXBuildFile; fileRef = BA87FBDE1EE7327300F56A7A /* Main.storyboard */; };
		BA87FBE31EE7327300F56A7A /* MediaStorageApp.xcdatamodeld in Sources */ = {isa = PBXBuildFile; fileRef = BA87FBE11EE7327300F56A7A /* MediaStorageApp.xcdatamodeld */; };
		BA87FBE51EE7327300F56A7A /* Assets.xcassets in Resources */ = {isa = PBXBuildFile; fileRef = BA87FBE41EE7327300F56A7A /* Assets.xcassets */; };
		BA87FBE81EE7327300F56A7A /* LaunchScreen.storyboard in Resources */ = {isa = PBXBuildFile; fileRef = BA87FBE61EE7327300F56A7A /* LaunchScreen.storyboard */; };
		BA87FBF31EE7327300F56A7A /* MediaStorageAppTests.m in Sources */ = {isa = PBXBuildFile; fileRef = BA87FBF21EE7327300F56A7A /* MediaStorageAppTests.m */; };
		BA8B442D1FDC220F005DBCA2 /* WebApiAudioStreamSource.m in Sources */ = {isa = PBXBuildFile; fileRef = BAAB20D21F88F21E00F3EF77 /* WebApiAudioStreamSource.m */; };
		BA8B442F1FDC2216005DBCA2 /* WebApiAudioPackatesDownloader.m in Sources */ = {isa = PBXBuildFile; fileRef = BAAB20D81F89384100F3EF77 /* WebApiAudioPackatesDownloader.m */; };
		BA8B44301FDC221D005DBCA2 /* StreamingSessionSettings.m in Sources */ = {isa = PBXBuildFile; fileRef = BAF80DF31F85701C00E19958 /* StreamingSessionSettings.m */; };
		BA8B44311FDC2222005DBCA2 /* StreamingSession.m in Sources */ = {isa = PBXBuildFile; fileRef = BAF80DF01F856FFE00E19958 /* StreamingSession.m */; };
		BA8B44321FDC222D005DBCA2 /* AudioMetadataInfo+DataContracts.m in Sources */ = {isa = PBXBuildFile; fileRef = BA744A551FAE583800962CA8 /* AudioMetadataInfo+DataContracts.m */; };
		BA8B44331FDC2231005DBCA2 /* NSString+MercuryString.m in Sources */ = {isa = PBXBuildFile; fileRef = BAAB20CF1F88E21D00F3EF77 /* NSString+MercuryString.m */; };
		BA8B44351FDC2342005DBCA2 /* AudioFileSourceTests.m in Sources */ = {isa = PBXBuildFile; fileRef = BA8B44341FDC2342005DBCA2 /* AudioFileSourceTests.m */; };
		BA8B44361FDC27BF005DBCA2 /* AudioToolbox.framework in Frameworks */ = {isa = PBXBuildFile; fileRef = BA34D6B41F0598980041EA39 /* AudioToolbox.framework */; };
		BA8B443A1FDC2C4F005DBCA2 /* UIKit.framework in Frameworks */ = {isa = PBXBuildFile; fileRef = BA34D6B61F0598A70041EA39 /* UIKit.framework */; };
		BAA45CE41FB7A62600648F1E /* AudioFileSource.m in Sources */ = {isa = PBXBuildFile; fileRef = BAA45CE31FB7A62600648F1E /* AudioFileSource.m */; };
		BAA45CE51FB7A62600648F1E /* AudioFileSource.m in Sources */ = {isa = PBXBuildFile; fileRef = BAA45CE31FB7A62600648F1E /* AudioFileSource.m */; };
		BAAB20D01F88E21D00F3EF77 /* NSString+MercuryString.m in Sources */ = {isa = PBXBuildFile; fileRef = BAAB20CF1F88E21D00F3EF77 /* NSString+MercuryString.m */; };
		BAAB20D31F88F21E00F3EF77 /* WebApiAudioStreamSource.m in Sources */ = {isa = PBXBuildFile; fileRef = BAAB20D21F88F21E00F3EF77 /* WebApiAudioStreamSource.m */; };
		BAAB20D61F88F2B800F3EF77 /* WebApiAudioStreamReaderSettings.m in Sources */ = {isa = PBXBuildFile; fileRef = BAAB20D51F88F2B800F3EF77 /* WebApiAudioStreamReaderSettings.m */; };
		BAAB20D91F89384100F3EF77 /* WebApiAudioPackatesDownloader.m in Sources */ = {isa = PBXBuildFile; fileRef = BAAB20D81F89384100F3EF77 /* WebApiAudioPackatesDownloader.m */; };
		BAB320401F12385800F3C1BC /* ArtistsViewController.m in Sources */ = {isa = PBXBuildFile; fileRef = BAB3203F1F12385800F3C1BC /* ArtistsViewController.m */; };
		BAB3204D1F12430800F3C1BC /* Artists.storyboard in Resources */ = {isa = PBXBuildFile; fileRef = BAB3204C1F12430800F3C1BC /* Artists.storyboard */; };
		BAB3204F1F12433200F3C1BC /* Albums.storyboard in Resources */ = {isa = PBXBuildFile; fileRef = BAB3204E1F12433200F3C1BC /* Albums.storyboard */; };
		BAB320511F12435400F3C1BC /* NowPlaying.storyboard in Resources */ = {isa = PBXBuildFile; fileRef = BAB320501F12435400F3C1BC /* NowPlaying.storyboard */; };
		BAB320531F12437300F3C1BC /* Songs.storyboard in Resources */ = {isa = PBXBuildFile; fileRef = BAB320521F12437300F3C1BC /* Songs.storyboard */; };
		BAB320631F126C5B00F3C1BC /* libMercury.a in Frameworks */ = {isa = PBXBuildFile; fileRef = BA87FC0C1EE7384600F56A7A /* libMercury.a */; };
		BAB320651F12708C00F3C1BC /* CoreData.framework in Frameworks */ = {isa = PBXBuildFile; fileRef = BAB320641F12708C00F3C1BC /* CoreData.framework */; };
		BAB320681F1270DC00F3C1BC /* MainTabBarController.m in Sources */ = {isa = PBXBuildFile; fileRef = BAB320671F1270DC00F3C1BC /* MainTabBarController.m */; };
		BAD51E251F7FE15300B34D7D /* AuthRequest.m in Sources */ = {isa = PBXBuildFile; fileRef = BAD51E241F7FE15300B34D7D /* AuthRequest.m */; };
		BAD51E281F7FE57600B34D7D /* ApiRequestBase.m in Sources */ = {isa = PBXBuildFile; fileRef = BAD51E271F7FE57600B34D7D /* ApiRequestBase.m */; };
		BAF559AC1FAF3A1D0097E03A /* StreamingSession+ApiRequests.m in Sources */ = {isa = PBXBuildFile; fileRef = BAF559AB1FAF3A1D0097E03A /* StreamingSession+ApiRequests.m */; };
		BAF559AD1FAF3A1D0097E03A /* StreamingSession+ApiRequests.m in Sources */ = {isa = PBXBuildFile; fileRef = BAF559AB1FAF3A1D0097E03A /* StreamingSession+ApiRequests.m */; };
		BAF80DF11F856FFE00E19958 /* StreamingSession.m in Sources */ = {isa = PBXBuildFile; fileRef = BAF80DF01F856FFE00E19958 /* StreamingSession.m */; };
		BAF80DF41F85701C00E19958 /* StreamingSessionSettings.m in Sources */ = {isa = PBXBuildFile; fileRef = BAF80DF31F85701C00E19958 /* StreamingSessionSettings.m */; };
		BAFC042A1FE403FA002C5A84 /* WebApiRequestTests.m in Sources */ = {isa = PBXBuildFile; fileRef = BAFC04291FE403FA002C5A84 /* WebApiRequestTests.m */; };
		BAFC042D1FE414FE002C5A84 /* WebApiAudioPacketsDownloaderTests.m in Sources */ = {isa = PBXBuildFile; fileRef = BAFC042C1FE414FE002C5A84 /* WebApiAudioPacketsDownloaderTests.m */; };
		BAFC042E1FE4171C002C5A84 /* WebApiAudioStreamReaderSettings.m in Sources */ = {isa = PBXBuildFile; fileRef = BAAB20D51F88F2B800F3EF77 /* WebApiAudioStreamReaderSettings.m */; };
/* End PBXBuildFile section */

/* Begin PBXContainerItemProxy section */
		BA87FBEF1EE7327300F56A7A /* PBXContainerItemProxy */ = {
			isa = PBXContainerItemProxy;
			containerPortal = BA87FBCA1EE7327200F56A7A /* Project object */;
			proxyType = 1;
			remoteGlobalIDString = BA87FBD11EE7327200F56A7A;
			remoteInfo = MediaStorageApp;
		};
		BA87FC0B1EE7384600F56A7A /* PBXContainerItemProxy */ = {
			isa = PBXContainerItemProxy;
			containerPortal = BA87FC071EE7384600F56A7A /* Mercury.xcodeproj */;
			proxyType = 2;
			remoteGlobalIDString = BAB2CD921EE5F995002CB3AC;
			remoteInfo = Mercury;
		};
/* End PBXContainerItemProxy section */

/* Begin PBXFileReference section */
		BA011D731EFF23EA004D7BDA /* MediaPlayer.framework */ = {isa = PBXFileReference; lastKnownFileType = wrapper.framework; name = MediaPlayer.framework; path = System/Library/Frameworks/MediaPlayer.framework; sourceTree = SDKROOT; };
		BA011D771EFF2445004D7BDA /* AVFoundation.framework */ = {isa = PBXFileReference; lastKnownFileType = wrapper.framework; name = AVFoundation.framework; path = System/Library/Frameworks/AVFoundation.framework; sourceTree = SDKROOT; };
		BA0339F21FD402B80065B8B3 /* AudioPacketsByTimeRequest.h */ = {isa = PBXFileReference; fileEncoding = 4; lastKnownFileType = sourcecode.c.h; name = AudioPacketsByTimeRequest.h; path = MediaStorageWebApi/AudioPacketsByTimeRequest.h; sourceTree = "<group>"; };
		BA0339F31FD402B80065B8B3 /* AudioPacketsByTimeRequest.m */ = {isa = PBXFileReference; fileEncoding = 4; lastKnownFileType = sourcecode.c.objc; name = AudioPacketsByTimeRequest.m; path = MediaStorageWebApi/AudioPacketsByTimeRequest.m; sourceTree = "<group>"; };
		BA15B6E51F9B625A0038F066 /* AudioMetadataInfo.h */ = {isa = PBXFileReference; fileEncoding = 4; lastKnownFileType = sourcecode.c.h; name = AudioMetadataInfo.h; path = Models/AudioMetadataInfo.h; sourceTree = "<group>"; };
		BA15B6E61F9B625A0038F066 /* AudioMetadataInfo.m */ = {isa = PBXFileReference; fileEncoding = 4; lastKnownFileType = sourcecode.c.objc; name = AudioMetadataInfo.m; path = Models/AudioMetadataInfo.m; sourceTree = "<group>"; };
		BA15B6EF1F9B78BE0038F066 /* ModiaStorageAppModelTests.m */ = {isa = PBXFileReference; fileEncoding = 4; lastKnownFileType = sourcecode.c.objc; path = ModiaStorageAppModelTests.m; sourceTree = "<group>"; };
		BA1EDA1B1F8102480075B640 /* LibraryInfoRequest.h */ = {isa = PBXFileReference; fileEncoding = 4; lastKnownFileType = sourcecode.c.h; name = LibraryInfoRequest.h; path = MediaStorageWebApi/LibraryInfoRequest.h; sourceTree = "<group>"; };
		BA1EDA1C1F8102480075B640 /* LibraryInfoRequest.m */ = {isa = PBXFileReference; fileEncoding = 4; lastKnownFileType = sourcecode.c.objc; name = LibraryInfoRequest.m; path = MediaStorageWebApi/LibraryInfoRequest.m; sourceTree = "<group>"; };
		BA1EDA211F8103680075B640 /* ImageResourceRequest.h */ = {isa = PBXFileReference; fileEncoding = 4; lastKnownFileType = sourcecode.c.h; name = ImageResourceRequest.h; path = MediaStorageWebApi/ImageResourceRequest.h; sourceTree = "<group>"; };
		BA1EDA221F8103680075B640 /* ImageResourceRequest.m */ = {isa = PBXFileReference; fileEncoding = 4; lastKnownFileType = sourcecode.c.objc; name = ImageResourceRequest.m; path = MediaStorageWebApi/ImageResourceRequest.m; sourceTree = "<group>"; };
		BA1EDA241F8104860075B640 /* AudioPacketsByOffsetRequest.h */ = {isa = PBXFileReference; fileEncoding = 4; lastKnownFileType = sourcecode.c.h; name = AudioPacketsByOffsetRequest.h; path = MediaStorageWebApi/AudioPacketsByOffsetRequest.h; sourceTree = "<group>"; };
		BA1EDA251F8104860075B640 /* AudioPacketsByOffsetRequest.m */ = {isa = PBXFileReference; fileEncoding = 4; lastKnownFileType = sourcecode.c.objc; name = AudioPacketsByOffsetRequest.m; path = MediaStorageWebApi/AudioPacketsByOffsetRequest.m; sourceTree = "<group>"; };
		BA34D6B01F0598880041EA39 /* CoreGraphics.framework */ = {isa = PBXFileReference; lastKnownFileType = wrapper.framework; name = CoreGraphics.framework; path = System/Library/Frameworks/CoreGraphics.framework; sourceTree = SDKROOT; };
		BA34D6B41F0598980041EA39 /* AudioToolbox.framework */ = {isa = PBXFileReference; lastKnownFileType = wrapper.framework; name = AudioToolbox.framework; path = System/Library/Frameworks/AudioToolbox.framework; sourceTree = SDKROOT; };
		BA34D6B61F0598A70041EA39 /* UIKit.framework */ = {isa = PBXFileReference; lastKnownFileType = wrapper.framework; name = UIKit.framework; path = System/Library/Frameworks/UIKit.framework; sourceTree = SDKROOT; };
		BA34D6B81F0598AF0041EA39 /* CoreFoundation.framework */ = {isa = PBXFileReference; lastKnownFileType = wrapper.framework; name = CoreFoundation.framework; path = System/Library/Frameworks/CoreFoundation.framework; sourceTree = SDKROOT; };
		BA34D6D31F05A94F0041EA39 /* MediaStreamingService.h */ = {isa = PBXFileReference; fileEncoding = 4; lastKnownFileType = sourcecode.c.h; name = MediaStreamingService.h; path = MediaStorageWebApi/MediaStreamingService.h; sourceTree = "<group>"; };
		BA34D6D41F05A94F0041EA39 /* MediaStreamingService.m */ = {isa = PBXFileReference; fileEncoding = 4; lastKnownFileType = sourcecode.c.objc; name = MediaStreamingService.m; path = MediaStorageWebApi/MediaStreamingService.m; sourceTree = "<group>"; };
		BA34D6D71F05A96F0041EA39 /* MediaLibraryInfo.cpp */ = {isa = PBXFileReference; fileEncoding = 4; lastKnownFileType = sourcecode.cpp.cpp; name = MediaLibraryInfo.cpp; path = MediaStorageWebApi/DataContracts/MediaLibraryInfo.cpp; sourceTree = "<group>"; };
		BA34D6D81F05A96F0041EA39 /* MediaLibraryInfo.h */ = {isa = PBXFileReference; fileEncoding = 4; lastKnownFileType = sourcecode.c.h; name = MediaLibraryInfo.h; path = MediaStorageWebApi/DataContracts/MediaLibraryInfo.h; sourceTree = "<group>"; };
		BA34D6D91F05A96F0041EA39 /* MediaPacket.cpp */ = {isa = PBXFileReference; fileEncoding = 4; lastKnownFileType = sourcecode.cpp.cpp; name = MediaPacket.cpp; path = MediaStorageWebApi/DataContracts/MediaPacket.cpp; sourceTree = "<group>"; };
		BA34D6DA1F05A96F0041EA39 /* MediaPacket.h */ = {isa = PBXFileReference; fileEncoding = 4; lastKnownFileType = sourcecode.c.h; name = MediaPacket.h; path = MediaStorageWebApi/DataContracts/MediaPacket.h; sourceTree = "<group>"; };
		BA34D6DB1F05A96F0041EA39 /* MediaPackets.cpp */ = {isa = PBXFileReference; fileEncoding = 4; lastKnownFileType = sourcecode.cpp.cpp; name = MediaPackets.cpp; path = MediaStorageWebApi/DataContracts/MediaPackets.cpp; sourceTree = "<group>"; };
		BA34D6DC1F05A96F0041EA39 /* MediaPackets.h */ = {isa = PBXFileReference; fileEncoding = 4; lastKnownFileType = sourcecode.c.h; name = MediaPackets.h; path = MediaStorageWebApi/DataContracts/MediaPackets.h; sourceTree = "<group>"; };
		BA34D6DD1F05A96F0041EA39 /* MLAlbum.cpp */ = {isa = PBXFileReference; fileEncoding = 4; lastKnownFileType = sourcecode.cpp.cpp; name = MLAlbum.cpp; path = MediaStorageWebApi/DataContracts/MLAlbum.cpp; sourceTree = "<group>"; };
		BA34D6DE1F05A96F0041EA39 /* MLAlbum.h */ = {isa = PBXFileReference; fileEncoding = 4; lastKnownFileType = sourcecode.c.h; name = MLAlbum.h; path = MediaStorageWebApi/DataContracts/MLAlbum.h; sourceTree = "<group>"; };
		BA34D6DF1F05A96F0041EA39 /* MLArtist.cpp */ = {isa = PBXFileReference; fileEncoding = 4; lastKnownFileType = sourcecode.cpp.cpp; name = MLArtist.cpp; path = MediaStorageWebApi/DataContracts/MLArtist.cpp; sourceTree = "<group>"; };
		BA34D6E01F05A96F0041EA39 /* MLArtist.h */ = {isa = PBXFileReference; fileEncoding = 4; lastKnownFileType = sourcecode.c.h; name = MLArtist.h; path = MediaStorageWebApi/DataContracts/MLArtist.h; sourceTree = "<group>"; };
		BA34D6E11F05A96F0041EA39 /* MLPlaylist.cpp */ = {isa = PBXFileReference; fileEncoding = 4; lastKnownFileType = sourcecode.cpp.cpp; name = MLPlaylist.cpp; path = MediaStorageWebApi/DataContracts/MLPlaylist.cpp; sourceTree = "<group>"; };
		BA34D6E21F05A96F0041EA39 /* MLPlaylist.h */ = {isa = PBXFileReference; fileEncoding = 4; lastKnownFileType = sourcecode.c.h; name = MLPlaylist.h; path = MediaStorageWebApi/DataContracts/MLPlaylist.h; sourceTree = "<group>"; };
		BA34D6E31F05A96F0041EA39 /* MLPlaylistSong.cpp */ = {isa = PBXFileReference; fileEncoding = 4; lastKnownFileType = sourcecode.cpp.cpp; name = MLPlaylistSong.cpp; path = MediaStorageWebApi/DataContracts/MLPlaylistSong.cpp; sourceTree = "<group>"; };
		BA34D6E41F05A96F0041EA39 /* MLPlaylistSong.h */ = {isa = PBXFileReference; fileEncoding = 4; lastKnownFileType = sourcecode.c.h; name = MLPlaylistSong.h; path = MediaStorageWebApi/DataContracts/MLPlaylistSong.h; sourceTree = "<group>"; };
		BA34D6E51F05A96F0041EA39 /* MLSong.cpp */ = {isa = PBXFileReference; fileEncoding = 4; lastKnownFileType = sourcecode.cpp.cpp; name = MLSong.cpp; path = MediaStorageWebApi/DataContracts/MLSong.cpp; sourceTree = "<group>"; };
		BA34D6E61F05A96F0041EA39 /* MLSong.h */ = {isa = PBXFileReference; fileEncoding = 4; lastKnownFileType = sourcecode.c.h; name = MLSong.h; path = MediaStorageWebApi/DataContracts/MLSong.h; sourceTree = "<group>"; };
		BA34D6E71F05A96F0041EA39 /* SessionInfo.cpp */ = {isa = PBXFileReference; fileEncoding = 4; lastKnownFileType = sourcecode.cpp.cpp; name = SessionInfo.cpp; path = MediaStorageWebApi/DataContracts/SessionInfo.cpp; sourceTree = "<group>"; };
		BA34D6E81F05A96F0041EA39 /* SessionInfo.h */ = {isa = PBXFileReference; fileEncoding = 4; lastKnownFileType = sourcecode.c.h; name = SessionInfo.h; path = MediaStorageWebApi/DataContracts/SessionInfo.h; sourceTree = "<group>"; };
		BA34D6F31F05AE340041EA39 /* AlbumsViewController.h */ = {isa = PBXFileReference; fileEncoding = 4; lastKnownFileType = sourcecode.c.h; name = AlbumsViewController.h; path = ViewControllers/AlbumsViewController.h; sourceTree = "<group>"; };
		BA34D6F41F05AE340041EA39 /* AlbumsViewController.m */ = {isa = PBXFileReference; fileEncoding = 4; lastKnownFileType = sourcecode.c.objc; name = AlbumsViewController.m; path = ViewControllers/AlbumsViewController.m; sourceTree = "<group>"; };
		BA34D6F51F05AE340041EA39 /* NowPlayingController.h */ = {isa = PBXFileReference; fileEncoding = 4; lastKnownFileType = sourcecode.c.h; name = NowPlayingController.h; path = ViewControllers/NowPlayingController.h; sourceTree = "<group>"; };
		BA34D6F61F05AE340041EA39 /* NowPlayingController.m */ = {isa = PBXFileReference; fileEncoding = 4; lastKnownFileType = sourcecode.c.objc; name = NowPlayingController.m; path = ViewControllers/NowPlayingController.m; sourceTree = "<group>"; };
		BA34D6F71F05AE340041EA39 /* SongsTableViewController.h */ = {isa = PBXFileReference; fileEncoding = 4; lastKnownFileType = sourcecode.c.h; name = SongsTableViewController.h; path = ViewControllers/SongsTableViewController.h; sourceTree = "<group>"; };
		BA34D6F81F05AE340041EA39 /* SongsTableViewController.m */ = {isa = PBXFileReference; fileEncoding = 4; lastKnownFileType = sourcecode.c.objc; name = SongsTableViewController.m; path = ViewControllers/SongsTableViewController.m; sourceTree = "<group>"; };
		BA36382B1F9BD12E00BAD05A /* Player.h */ = {isa = PBXFileReference; fileEncoding = 4; lastKnownFileType = sourcecode.c.h; name = Player.h; path = StreamPlayer/Player.h; sourceTree = "<group>"; };
		BA36382C1F9BD12E00BAD05A /* Player.m */ = {isa = PBXFileReference; fileEncoding = 4; lastKnownFileType = sourcecode.c.objc; name = Player.m; path = StreamPlayer/Player.m; sourceTree = "<group>"; };
		BA36382D1F9BD12E00BAD05A /* PlayerDelegate.h */ = {isa = PBXFileReference; fileEncoding = 4; lastKnownFileType = sourcecode.c.h; name = PlayerDelegate.h; path = StreamPlayer/PlayerDelegate.h; sourceTree = "<group>"; };
		BA36382E1F9BD12E00BAD05A /* StreamPlayerManager.h */ = {isa = PBXFileReference; fileEncoding = 4; lastKnownFileType = sourcecode.c.h; name = StreamPlayerManager.h; path = StreamPlayer/StreamPlayerManager.h; sourceTree = "<group>"; };
		BA36382F1F9BD12E00BAD05A /* StreamPlayerManager.m */ = {isa = PBXFileReference; fileEncoding = 4; lastKnownFileType = sourcecode.c.objc; name = StreamPlayerManager.m; path = StreamPlayer/StreamPlayerManager.m; sourceTree = "<group>"; };
		BA3638301F9BD12E00BAD05A /* StreamPlayerPlaylist.h */ = {isa = PBXFileReference; fileEncoding = 4; lastKnownFileType = sourcecode.c.h; name = StreamPlayerPlaylist.h; path = StreamPlayer/StreamPlayerPlaylist.h; sourceTree = "<group>"; };
		BA3638311F9BD12E00BAD05A /* StreamPlayerPlaylist.m */ = {isa = PBXFileReference; fileEncoding = 4; lastKnownFileType = sourcecode.c.objc; name = StreamPlayerPlaylist.m; path = StreamPlayer/StreamPlayerPlaylist.m; sourceTree = "<group>"; };
		BA3638361F9BE9F400BAD05A /* AudioStreamDecoder.h */ = {isa = PBXFileReference; fileEncoding = 4; lastKnownFileType = sourcecode.c.h; name = AudioStreamDecoder.h; path = StreamPlayer/Decoder/AudioStreamDecoder.h; sourceTree = "<group>"; };
		BA3638371F9BE9F400BAD05A /* AudioStreamDecoder.m */ = {isa = PBXFileReference; fileEncoding = 4; lastKnownFileType = sourcecode.c.objc; name = AudioStreamDecoder.m; path = StreamPlayer/Decoder/AudioStreamDecoder.m; sourceTree = "<group>"; };
		BA49BDE91FCAE6BB0030C7A3 /* AlbumSongsTableViewCell.h */ = {isa = PBXFileReference; fileEncoding = 4; lastKnownFileType = sourcecode.c.h; name = AlbumSongsTableViewCell.h; path = ViewControllers/CustomUI/AlbumSongsTableViewCell.h; sourceTree = "<group>"; };
		BA49BDEA1FCAE6BB0030C7A3 /* AlbumSongsTableViewCell.m */ = {isa = PBXFileReference; fileEncoding = 4; lastKnownFileType = sourcecode.c.objc; name = AlbumSongsTableViewCell.m; path = ViewControllers/CustomUI/AlbumSongsTableViewCell.m; sourceTree = "<group>"; };
		BA49BDEE1FCAF3400030C7A3 /* AlbumsTableViewCell.h */ = {isa = PBXFileReference; fileEncoding = 4; lastKnownFileType = sourcecode.c.h; name = AlbumsTableViewCell.h; path = ViewControllers/CustomUI/AlbumsTableViewCell.h; sourceTree = "<group>"; };
		BA49BDEF1FCAF3400030C7A3 /* AlbumsTableViewCell.m */ = {isa = PBXFileReference; fileEncoding = 4; lastKnownFileType = sourcecode.c.objc; name = AlbumsTableViewCell.m; path = ViewControllers/CustomUI/AlbumsTableViewCell.m; sourceTree = "<group>"; };
		BA4A20411F9D42F1009DA8BF /* AudioStreamPacketsInfo.h */ = {isa = PBXFileReference; fileEncoding = 4; lastKnownFileType = sourcecode.c.h; name = AudioStreamPacketsInfo.h; path = Models/AudioStreamPacketsInfo.h; sourceTree = "<group>"; };
		BA4A20421F9D42F1009DA8BF /* AudioStreamPacketsInfo.m */ = {isa = PBXFileReference; fileEncoding = 4; lastKnownFileType = sourcecode.c.objc; name = AudioStreamPacketsInfo.m; path = Models/AudioStreamPacketsInfo.m; sourceTree = "<group>"; };
		BA70A6AB1F8A37560080D3EE /* AudioPacketsDownloaderProtocol.h */ = {isa = PBXFileReference; fileEncoding = 4; lastKnownFileType = sourcecode.c.h; name = AudioPacketsDownloaderProtocol.h; path = Streaming/AudioPacketsDownloaderProtocol.h; sourceTree = "<group>"; };
		BA744A541FAE583800962CA8 /* AudioMetadataInfo+DataContracts.h */ = {isa = PBXFileReference; fileEncoding = 4; lastKnownFileType = sourcecode.c.h; name = "AudioMetadataInfo+DataContracts.h"; path = "Extensions/AudioMetadataInfo+DataContracts.h"; sourceTree = "<group>"; };
		BA744A551FAE583800962CA8 /* AudioMetadataInfo+DataContracts.m */ = {isa = PBXFileReference; fileEncoding = 4; lastKnownFileType = sourcecode.c.objc; name = "AudioMetadataInfo+DataContracts.m"; path = "Extensions/AudioMetadataInfo+DataContracts.m"; sourceTree = "<group>"; };
		BA744A571FAE586600962CA8 /* MediaPlayerControlCenter.h */ = {isa = PBXFileReference; fileEncoding = 4; lastKnownFileType = sourcecode.c.h; name = MediaPlayerControlCenter.h; path = MediaPlayerControlCenter/MediaPlayerControlCenter.h; sourceTree = "<group>"; };
		BA744A581FAE586600962CA8 /* MediaPlayerControlCenter.m */ = {isa = PBXFileReference; fileEncoding = 4; lastKnownFileType = sourcecode.c.objc; name = MediaPlayerControlCenter.m; path = MediaPlayerControlCenter/MediaPlayerControlCenter.m; sourceTree = "<group>"; };
		BA744A591FAE586600962CA8 /* RemoteCommandsProtocol.h */ = {isa = PBXFileReference; fileEncoding = 4; lastKnownFileType = sourcecode.c.h; name = RemoteCommandsProtocol.h; path = MediaPlayerControlCenter/RemoteCommandsProtocol.h; sourceTree = "<group>"; };
		BA83ED931EF5C9C1000E5DDA /* CustomPresentationController.h */ = {isa = PBXFileReference; fileEncoding = 4; lastKnownFileType = sourcecode.c.h; path = CustomPresentationController.h; sourceTree = "<group>"; };
		BA83ED941EF5C9C1000E5DDA /* CustomPresentationController.m */ = {isa = PBXFileReference; fileEncoding = 4; lastKnownFileType = sourcecode.c.objc; path = CustomPresentationController.m; sourceTree = "<group>"; };
		BA87FBD21EE7327300F56A7A /* MediaStorageApp.app */ = {isa = PBXFileReference; explicitFileType = wrapper.application; includeInIndex = 0; path = MediaStorageApp.app; sourceTree = BUILT_PRODUCTS_DIR; };
		BA87FBD61EE7327300F56A7A /* main.m */ = {isa = PBXFileReference; lastKnownFileType = sourcecode.c.objc; path = main.m; sourceTree = "<group>"; };
		BA87FBD81EE7327300F56A7A /* AppDelegate.h */ = {isa = PBXFileReference; lastKnownFileType = sourcecode.c.h; path = AppDelegate.h; sourceTree = "<group>"; };
		BA87FBD91EE7327300F56A7A /* AppDelegate.m */ = {isa = PBXFileReference; lastKnownFileType = sourcecode.c.objc; path = AppDelegate.m; sourceTree = "<group>"; };
		BA87FBDF1EE7327300F56A7A /* Base */ = {isa = PBXFileReference; lastKnownFileType = file.storyboard; name = Base; path = Base.lproj/Main.storyboard; sourceTree = "<group>"; };
		BA87FBE21EE7327300F56A7A /* MediaStorageApp.xcdatamodel */ = {isa = PBXFileReference; lastKnownFileType = wrapper.xcdatamodel; path = MediaStorageApp.xcdatamodel; sourceTree = "<group>"; };
		BA87FBE41EE7327300F56A7A /* Assets.xcassets */ = {isa = PBXFileReference; lastKnownFileType = folder.assetcatalog; path = Assets.xcassets; sourceTree = "<group>"; };
		BA87FBE71EE7327300F56A7A /* Base */ = {isa = PBXFileReference; lastKnownFileType = file.storyboard; name = Base; path = Base.lproj/LaunchScreen.storyboard; sourceTree = "<group>"; };
		BA87FBE91EE7327300F56A7A /* Info.plist */ = {isa = PBXFileReference; lastKnownFileType = text.plist.xml; path = Info.plist; sourceTree = "<group>"; };
		BA87FBEE1EE7327300F56A7A /* MediaStorageAppTests.xctest */ = {isa = PBXFileReference; explicitFileType = wrapper.cfbundle; includeInIndex = 0; path = MediaStorageAppTests.xctest; sourceTree = BUILT_PRODUCTS_DIR; };
		BA87FBF21EE7327300F56A7A /* MediaStorageAppTests.m */ = {isa = PBXFileReference; lastKnownFileType = sourcecode.c.objc; path = MediaStorageAppTests.m; sourceTree = "<group>"; };
		BA87FBF41EE7327300F56A7A /* Info.plist */ = {isa = PBXFileReference; lastKnownFileType = text.plist.xml; path = Info.plist; sourceTree = "<group>"; };
		BA87FC071EE7384600F56A7A /* Mercury.xcodeproj */ = {isa = PBXFileReference; lastKnownFileType = "wrapper.pb-project"; name = Mercury.xcodeproj; path = ../../Mercury/Mercury.xcodeproj; sourceTree = "<group>"; };
		BA8B44341FDC2342005DBCA2 /* AudioFileSourceTests.m */ = {isa = PBXFileReference; fileEncoding = 4; lastKnownFileType = sourcecode.c.objc; path = AudioFileSourceTests.m; sourceTree = "<group>"; };
		BA8B44371FDC2BE7005DBCA2 /* CoreImage.framework */ = {isa = PBXFileReference; lastKnownFileType = wrapper.framework; name = CoreImage.framework; path = System/Library/Frameworks/CoreImage.framework; sourceTree = SDKROOT; };
		BAA45CE21FB7A62600648F1E /* AudioFileSource.h */ = {isa = PBXFileReference; fileEncoding = 4; lastKnownFileType = sourcecode.c.h; name = AudioFileSource.h; path = Streaming/AudioFileSource.h; sourceTree = "<group>"; };
		BAA45CE31FB7A62600648F1E /* AudioFileSource.m */ = {isa = PBXFileReference; fileEncoding = 4; lastKnownFileType = sourcecode.c.objc; name = AudioFileSource.m; path = Streaming/AudioFileSource.m; sourceTree = "<group>"; };
		BAAB20C41F88D84F00F3EF77 /* MediaStreamSource.h */ = {isa = PBXFileReference; fileEncoding = 4; lastKnownFileType = sourcecode.c.h; name = MediaStreamSource.h; path = Streaming/MediaStreamSource.h; sourceTree = "<group>"; };
		BAAB20CE1F88E21D00F3EF77 /* NSString+MercuryString.h */ = {isa = PBXFileReference; fileEncoding = 4; lastKnownFileType = sourcecode.c.h; name = "NSString+MercuryString.h"; path = "Extensions/NSString+MercuryString.h"; sourceTree = "<group>"; };
		BAAB20CF1F88E21D00F3EF77 /* NSString+MercuryString.m */ = {isa = PBXFileReference; fileEncoding = 4; lastKnownFileType = sourcecode.c.objc; name = "NSString+MercuryString.m"; path = "Extensions/NSString+MercuryString.m"; sourceTree = "<group>"; };
		BAAB20D11F88F21E00F3EF77 /* WebApiAudioStreamSource.h */ = {isa = PBXFileReference; fileEncoding = 4; lastKnownFileType = sourcecode.c.h; name = WebApiAudioStreamSource.h; path = Streaming/WebApiAudioStreamSource.h; sourceTree = "<group>"; };
		BAAB20D21F88F21E00F3EF77 /* WebApiAudioStreamSource.m */ = {isa = PBXFileReference; fileEncoding = 4; lastKnownFileType = sourcecode.c.objc; name = WebApiAudioStreamSource.m; path = Streaming/WebApiAudioStreamSource.m; sourceTree = "<group>"; };
		BAAB20D41F88F2B800F3EF77 /* WebApiAudioStreamReaderSettings.h */ = {isa = PBXFileReference; fileEncoding = 4; lastKnownFileType = sourcecode.c.h; name = WebApiAudioStreamReaderSettings.h; path = Streaming/WebApiAudioStreamReaderSettings.h; sourceTree = "<group>"; };
		BAAB20D51F88F2B800F3EF77 /* WebApiAudioStreamReaderSettings.m */ = {isa = PBXFileReference; fileEncoding = 4; lastKnownFileType = sourcecode.c.objc; name = WebApiAudioStreamReaderSettings.m; path = Streaming/WebApiAudioStreamReaderSettings.m; sourceTree = "<group>"; };
		BAAB20D71F89384100F3EF77 /* WebApiAudioPackatesDownloader.h */ = {isa = PBXFileReference; fileEncoding = 4; lastKnownFileType = sourcecode.c.h; name = WebApiAudioPackatesDownloader.h; path = Streaming/WebApiAudioPackatesDownloader.h; sourceTree = "<group>"; };
		BAAB20D81F89384100F3EF77 /* WebApiAudioPackatesDownloader.m */ = {isa = PBXFileReference; fileEncoding = 4; lastKnownFileType = sourcecode.c.objc; name = WebApiAudioPackatesDownloader.m; path = Streaming/WebApiAudioPackatesDownloader.m; sourceTree = "<group>"; };
		BAB3203E1F12385800F3C1BC /* ArtistsViewController.h */ = {isa = PBXFileReference; fileEncoding = 4; lastKnownFileType = sourcecode.c.h; name = ArtistsViewController.h; path = ViewControllers/ArtistsViewController.h; sourceTree = "<group>"; };
		BAB3203F1F12385800F3C1BC /* ArtistsViewController.m */ = {isa = PBXFileReference; fileEncoding = 4; lastKnownFileType = sourcecode.c.objc; name = ArtistsViewController.m; path = ViewControllers/ArtistsViewController.m; sourceTree = "<group>"; };
		BAB3204C1F12430800F3C1BC /* Artists.storyboard */ = {isa = PBXFileReference; fileEncoding = 4; lastKnownFileType = file.storyboard; name = Artists.storyboard; path = ViewControllers/Artists.storyboard; sourceTree = "<group>"; };
		BAB3204E1F12433200F3C1BC /* Albums.storyboard */ = {isa = PBXFileReference; fileEncoding = 4; lastKnownFileType = file.storyboard; name = Albums.storyboard; path = ViewControllers/Albums.storyboard; sourceTree = "<group>"; };
		BAB320501F12435400F3C1BC /* NowPlaying.storyboard */ = {isa = PBXFileReference; fileEncoding = 4; lastKnownFileType = file.storyboard; name = NowPlaying.storyboard; path = ViewControllers/NowPlaying.storyboard; sourceTree = "<group>"; };
		BAB320521F12437300F3C1BC /* Songs.storyboard */ = {isa = PBXFileReference; fileEncoding = 4; lastKnownFileType = file.storyboard; name = Songs.storyboard; path = ViewControllers/Songs.storyboard; sourceTree = "<group>"; };
		BAB320641F12708C00F3C1BC /* CoreData.framework */ = {isa = PBXFileReference; lastKnownFileType = wrapper.framework; name = CoreData.framework; path = System/Library/Frameworks/CoreData.framework; sourceTree = SDKROOT; };
		BAB320661F1270DC00F3C1BC /* MainTabBarController.h */ = {isa = PBXFileReference; fileEncoding = 4; lastKnownFileType = sourcecode.c.h; path = MainTabBarController.h; sourceTree = "<group>"; };
		BAB320671F1270DC00F3C1BC /* MainTabBarController.m */ = {isa = PBXFileReference; fileEncoding = 4; lastKnownFileType = sourcecode.c.objc; path = MainTabBarController.m; sourceTree = "<group>"; };
		BAD51E231F7FE15300B34D7D /* AuthRequest.h */ = {isa = PBXFileReference; fileEncoding = 4; lastKnownFileType = sourcecode.c.h; name = AuthRequest.h; path = MediaStorageWebApi/AuthRequest.h; sourceTree = "<group>"; };
		BAD51E241F7FE15300B34D7D /* AuthRequest.m */ = {isa = PBXFileReference; fileEncoding = 4; lastKnownFileType = sourcecode.c.objc; name = AuthRequest.m; path = MediaStorageWebApi/AuthRequest.m; sourceTree = "<group>"; };
		BAD51E261F7FE57600B34D7D /* ApiRequestBase.h */ = {isa = PBXFileReference; fileEncoding = 4; lastKnownFileType = sourcecode.c.h; name = ApiRequestBase.h; path = MediaStorageWebApi/ApiRequestBase.h; sourceTree = "<group>"; };
		BAD51E271F7FE57600B34D7D /* ApiRequestBase.m */ = {isa = PBXFileReference; fileEncoding = 4; lastKnownFileType = sourcecode.c.objc; name = ApiRequestBase.m; path = MediaStorageWebApi/ApiRequestBase.m; sourceTree = "<group>"; };
		BAF559AA1FAF3A1D0097E03A /* StreamingSession+ApiRequests.h */ = {isa = PBXFileReference; fileEncoding = 4; lastKnownFileType = sourcecode.c.h; name = "StreamingSession+ApiRequests.h"; path = "Extensions/StreamingSession+ApiRequests.h"; sourceTree = "<group>"; };
		BAF559AB1FAF3A1D0097E03A /* StreamingSession+ApiRequests.m */ = {isa = PBXFileReference; fileEncoding = 4; lastKnownFileType = sourcecode.c.objc; name = "StreamingSession+ApiRequests.m"; path = "Extensions/StreamingSession+ApiRequests.m"; sourceTree = "<group>"; };
		BAF80DEF1F856FFE00E19958 /* StreamingSession.h */ = {isa = PBXFileReference; fileEncoding = 4; lastKnownFileType = sourcecode.c.h; name = StreamingSession.h; path = Streaming/StreamingSession.h; sourceTree = "<group>"; };
		BAF80DF01F856FFE00E19958 /* StreamingSession.m */ = {isa = PBXFileReference; fileEncoding = 4; lastKnownFileType = sourcecode.c.objc; name = StreamingSession.m; path = Streaming/StreamingSession.m; sourceTree = "<group>"; };
		BAF80DF21F85701C00E19958 /* StreamingSessionSettings.h */ = {isa = PBXFileReference; fileEncoding = 4; lastKnownFileType = sourcecode.c.h; name = StreamingSessionSettings.h; path = Streaming/StreamingSessionSettings.h; sourceTree = "<group>"; };
		BAF80DF31F85701C00E19958 /* StreamingSessionSettings.m */ = {isa = PBXFileReference; fileEncoding = 4; lastKnownFileType = sourcecode.c.objc; name = StreamingSessionSettings.m; path = Streaming/StreamingSessionSettings.m; sourceTree = "<group>"; };
		BAFC04291FE403FA002C5A84 /* WebApiRequestTests.m */ = {isa = PBXFileReference; fileEncoding = 4; lastKnownFileType = sourcecode.c.objc; path = WebApiRequestTests.m; sourceTree = "<group>"; };
		BAFC042C1FE414FE002C5A84 /* WebApiAudioPacketsDownloaderTests.m */ = {isa = PBXFileReference; fileEncoding = 4; lastKnownFileType = sourcecode.c.objc; path = WebApiAudioPacketsDownloaderTests.m; sourceTree = "<group>"; };
/* End PBXFileReference section */

/* Begin PBXFrameworksBuildPhase section */
		BA87FBCF1EE7327200F56A7A /* Frameworks */ = {
			isa = PBXFrameworksBuildPhase;
			buildActionMask = 2147483647;
			files = (
				BAB320651F12708C00F3C1BC /* CoreData.framework in Frameworks */,
				BA34D6B91F0598AF0041EA39 /* CoreFoundation.framework in Frameworks */,
				BA34D6B71F0598A70041EA39 /* UIKit.framework in Frameworks */,
				BAB320631F126C5B00F3C1BC /* libMercury.a in Frameworks */,
				BA34D6B51F0598980041EA39 /* AudioToolbox.framework in Frameworks */,
				BA34D6B11F0598880041EA39 /* CoreGraphics.framework in Frameworks */,
				BA011D781EFF2445004D7BDA /* AVFoundation.framework in Frameworks */,
				BA011D741EFF23EA004D7BDA /* MediaPlayer.framework in Frameworks */,
			);
			runOnlyForDeploymentPostprocessing = 0;
		};
		BA87FBEB1EE7327300F56A7A /* Frameworks */ = {
			isa = PBXFrameworksBuildPhase;
			buildActionMask = 2147483647;
			files = (
				BA8B443A1FDC2C4F005DBCA2 /* UIKit.framework in Frameworks */,
				BA8B44361FDC27BF005DBCA2 /* AudioToolbox.framework in Frameworks */,
			);
			runOnlyForDeploymentPostprocessing = 0;
		};
/* End PBXFrameworksBuildPhase section */

/* Begin PBXGroup section */
		BA011D721EFF23EA004D7BDA /* Frameworks */ = {
			isa = PBXGroup;
			children = (
				BA8B44371FDC2BE7005DBCA2 /* CoreImage.framework */,
				BAB320641F12708C00F3C1BC /* CoreData.framework */,
				BA34D6B81F0598AF0041EA39 /* CoreFoundation.framework */,
				BA34D6B61F0598A70041EA39 /* UIKit.framework */,
				BA34D6B41F0598980041EA39 /* AudioToolbox.framework */,
				BA34D6B01F0598880041EA39 /* CoreGraphics.framework */,
				BA011D771EFF2445004D7BDA /* AVFoundation.framework */,
				BA011D731EFF23EA004D7BDA /* MediaPlayer.framework */,
			);
			name = Frameworks;
			sourceTree = "<group>";
		};
		BA15B6E31F9B620F0038F066 /* Models */ = {
			isa = PBXGroup;
			children = (
				BA15B6E51F9B625A0038F066 /* AudioMetadataInfo.h */,
				BA15B6E61F9B625A0038F066 /* AudioMetadataInfo.m */,
				BA4A20411F9D42F1009DA8BF /* AudioStreamPacketsInfo.h */,
				BA4A20421F9D42F1009DA8BF /* AudioStreamPacketsInfo.m */,
			);
			name = Models;
			sourceTree = "<group>";
		};
		BA34D6D21F05A9360041EA39 /* MediaStorageWebApi */ = {
			isa = PBXGroup;
			children = (
				BAD51E1F1F7FE10000B34D7D /* ApiRequest */,
				BA34D6D61F05A9520041EA39 /* DataContracts */,
				BA34D6D31F05A94F0041EA39 /* MediaStreamingService.h */,
				BA34D6D41F05A94F0041EA39 /* MediaStreamingService.m */,
			);
			name = MediaStorageWebApi;
			sourceTree = "<group>";
		};
		BA34D6D61F05A9520041EA39 /* DataContracts */ = {
			isa = PBXGroup;
			children = (
				BA34D6D71F05A96F0041EA39 /* MediaLibraryInfo.cpp */,
				BA34D6D81F05A96F0041EA39 /* MediaLibraryInfo.h */,
				BA34D6D91F05A96F0041EA39 /* MediaPacket.cpp */,
				BA34D6DA1F05A96F0041EA39 /* MediaPacket.h */,
				BA34D6DB1F05A96F0041EA39 /* MediaPackets.cpp */,
				BA34D6DC1F05A96F0041EA39 /* MediaPackets.h */,
				BA34D6DD1F05A96F0041EA39 /* MLAlbum.cpp */,
				BA34D6DE1F05A96F0041EA39 /* MLAlbum.h */,
				BA34D6DF1F05A96F0041EA39 /* MLArtist.cpp */,
				BA34D6E01F05A96F0041EA39 /* MLArtist.h */,
				BA34D6E11F05A96F0041EA39 /* MLPlaylist.cpp */,
				BA34D6E21F05A96F0041EA39 /* MLPlaylist.h */,
				BA34D6E31F05A96F0041EA39 /* MLPlaylistSong.cpp */,
				BA34D6E41F05A96F0041EA39 /* MLPlaylistSong.h */,
				BA34D6E51F05A96F0041EA39 /* MLSong.cpp */,
				BA34D6E61F05A96F0041EA39 /* MLSong.h */,
				BA34D6E71F05A96F0041EA39 /* SessionInfo.cpp */,
				BA34D6E81F05A96F0041EA39 /* SessionInfo.h */,
			);
			name = DataContracts;
			sourceTree = "<group>";
		};
		BA34D6F21F05AE1F0041EA39 /* ViewControllers */ = {
			isa = PBXGroup;
			children = (
				BA49BDE71FCAE6610030C7A3 /* CustomUI */,
				BAB3203E1F12385800F3C1BC /* ArtistsViewController.h */,
				BAB3203F1F12385800F3C1BC /* ArtistsViewController.m */,
				BA34D6F31F05AE340041EA39 /* AlbumsViewController.h */,
				BA34D6F41F05AE340041EA39 /* AlbumsViewController.m */,
				BA34D6F51F05AE340041EA39 /* NowPlayingController.h */,
				BA34D6F61F05AE340041EA39 /* NowPlayingController.m */,
				BA34D6F71F05AE340041EA39 /* SongsTableViewController.h */,
				BA34D6F81F05AE340041EA39 /* SongsTableViewController.m */,
				BAB3204C1F12430800F3C1BC /* Artists.storyboard */,
				BAB3204E1F12433200F3C1BC /* Albums.storyboard */,
				BAB320501F12435400F3C1BC /* NowPlaying.storyboard */,
				BAB320521F12437300F3C1BC /* Songs.storyboard */,
			);
			name = ViewControllers;
			sourceTree = "<group>";
		};
		BA36382A1F9BCF2700BAD05A /* StreamPlayer */ = {
			isa = PBXGroup;
			children = (
				BA3638351F9BE94F00BAD05A /* Decoder */,
				BA36382B1F9BD12E00BAD05A /* Player.h */,
				BA36382C1F9BD12E00BAD05A /* Player.m */,
				BA36382D1F9BD12E00BAD05A /* PlayerDelegate.h */,
				BA36382E1F9BD12E00BAD05A /* StreamPlayerManager.h */,
				BA36382F1F9BD12E00BAD05A /* StreamPlayerManager.m */,
				BA3638301F9BD12E00BAD05A /* StreamPlayerPlaylist.h */,
				BA3638311F9BD12E00BAD05A /* StreamPlayerPlaylist.m */,
			);
			name = StreamPlayer;
			sourceTree = "<group>";
		};
		BA3638351F9BE94F00BAD05A /* Decoder */ = {
			isa = PBXGroup;
			children = (
				BA3638361F9BE9F400BAD05A /* AudioStreamDecoder.h */,
				BA3638371F9BE9F400BAD05A /* AudioStreamDecoder.m */,
			);
			name = Decoder;
			sourceTree = "<group>";
		};
		BA49BDE71FCAE6610030C7A3 /* CustomUI */ = {
			isa = PBXGroup;
			children = (
				BA49BDE91FCAE6BB0030C7A3 /* AlbumSongsTableViewCell.h */,
				BA49BDEA1FCAE6BB0030C7A3 /* AlbumSongsTableViewCell.m */,
				BA49BDEE1FCAF3400030C7A3 /* AlbumsTableViewCell.h */,
				BA49BDEF1FCAF3400030C7A3 /* AlbumsTableViewCell.m */,
			);
			name = CustomUI;
			sourceTree = "<group>";
		};
		BA83ED921EF5C999000E5DDA /* CustomPresentation */ = {
			isa = PBXGroup;
			children = (
				BA83ED931EF5C9C1000E5DDA /* CustomPresentationController.h */,
				BA83ED941EF5C9C1000E5DDA /* CustomPresentationController.m */,
			);
			name = CustomPresentation;
			sourceTree = "<group>";
		};
		BA87FBC91EE7327200F56A7A = {
			isa = PBXGroup;
			children = (
				BA87FC071EE7384600F56A7A /* Mercury.xcodeproj */,
				BA87FBD41EE7327300F56A7A /* MediaStorageApp */,
				BA87FBF11EE7327300F56A7A /* MediaStorageAppTests */,
				BA011D721EFF23EA004D7BDA /* Frameworks */,
				BA87FBD31EE7327300F56A7A /* Products */,
			);
			sourceTree = "<group>";
		};
		BA87FBD31EE7327300F56A7A /* Products */ = {
			isa = PBXGroup;
			children = (
				BA87FBD21EE7327300F56A7A /* MediaStorageApp.app */,
				BA87FBEE1EE7327300F56A7A /* MediaStorageAppTests.xctest */,
			);
			name = Products;
			sourceTree = "<group>";
		};
		BA87FBD41EE7327300F56A7A /* MediaStorageApp */ = {
			isa = PBXGroup;
			children = (
				BA36382A1F9BCF2700BAD05A /* StreamPlayer */,
				BA15B6E31F9B620F0038F066 /* Models */,
				BAAB20CD1F88E1DD00F3EF77 /* Extensions */,
				BAF80DEB1F856F9F00E19958 /* Streaming */,
				BAB3205B1F12482C00F3C1BC /* MediaPlayerControlCenter */,
				BA34D6F21F05AE1F0041EA39 /* ViewControllers */,
				BA34D6D21F05A9360041EA39 /* MediaStorageWebApi */,
				BA83ED921EF5C999000E5DDA /* CustomPresentation */,
				BA87FBD51EE7327300F56A7A /* Supporting Files */,
				BA87FBD91EE7327300F56A7A /* AppDelegate.m */,
				BA87FBD81EE7327300F56A7A /* AppDelegate.h */,
				BAB320661F1270DC00F3C1BC /* MainTabBarController.h */,
				BAB320671F1270DC00F3C1BC /* MainTabBarController.m */,
				BA87FBDE1EE7327300F56A7A /* Main.storyboard */,
				BA87FBE41EE7327300F56A7A /* Assets.xcassets */,
				BA87FBE61EE7327300F56A7A /* LaunchScreen.storyboard */,
				BA87FBE91EE7327300F56A7A /* Info.plist */,
				BA87FBE11EE7327300F56A7A /* MediaStorageApp.xcdatamodeld */,
			);
			path = MediaStorageApp;
			sourceTree = "<group>";
		};
		BA87FBD51EE7327300F56A7A /* Supporting Files */ = {
			isa = PBXGroup;
			children = (
				BA87FBD61EE7327300F56A7A /* main.m */,
			);
			name = "Supporting Files";
			sourceTree = "<group>";
		};
		BA87FBF11EE7327300F56A7A /* MediaStorageAppTests */ = {
			isa = PBXGroup;
			children = (
				BAFC042B1FE41392002C5A84 /* Streaming */,
				BAFC04271FE403A2002C5A84 /* ApiRequest */,
				BA87FBF21EE7327300F56A7A /* MediaStorageAppTests.m */,
				BA87FBF41EE7327300F56A7A /* Info.plist */,
				BA15B6EF1F9B78BE0038F066 /* ModiaStorageAppModelTests.m */,
				BA8B44341FDC2342005DBCA2 /* AudioFileSourceTests.m */,
			);
			path = MediaStorageAppTests;
			sourceTree = "<group>";
		};
		BA87FC081EE7384600F56A7A /* Products */ = {
			isa = PBXGroup;
			children = (
				BA87FC0C1EE7384600F56A7A /* libMercury.a */,
			);
			name = Products;
			sourceTree = "<group>";
		};
		BAAB20CD1F88E1DD00F3EF77 /* Extensions */ = {
			isa = PBXGroup;
			children = (
				BA744A541FAE583800962CA8 /* AudioMetadataInfo+DataContracts.h */,
				BA744A551FAE583800962CA8 /* AudioMetadataInfo+DataContracts.m */,
				BAAB20CE1F88E21D00F3EF77 /* NSString+MercuryString.h */,
				BAAB20CF1F88E21D00F3EF77 /* NSString+MercuryString.m */,
				BAF559AA1FAF3A1D0097E03A /* StreamingSession+ApiRequests.h */,
				BAF559AB1FAF3A1D0097E03A /* StreamingSession+ApiRequests.m */,
			);
			name = Extensions;
			sourceTree = "<group>";
		};
		BAB3205B1F12482C00F3C1BC /* MediaPlayerControlCenter */ = {
			isa = PBXGroup;
			children = (
				BA744A571FAE586600962CA8 /* MediaPlayerControlCenter.h */,
				BA744A581FAE586600962CA8 /* MediaPlayerControlCenter.m */,
				BA744A591FAE586600962CA8 /* RemoteCommandsProtocol.h */,
			);
			name = MediaPlayerControlCenter;
			sourceTree = "<group>";
		};
		BAD51E1F1F7FE10000B34D7D /* ApiRequest */ = {
			isa = PBXGroup;
			children = (
				BAD51E231F7FE15300B34D7D /* AuthRequest.h */,
				BAD51E241F7FE15300B34D7D /* AuthRequest.m */,
				BAD51E261F7FE57600B34D7D /* ApiRequestBase.h */,
				BAD51E271F7FE57600B34D7D /* ApiRequestBase.m */,
				BA1EDA1B1F8102480075B640 /* LibraryInfoRequest.h */,
				BA1EDA1C1F8102480075B640 /* LibraryInfoRequest.m */,
				BA1EDA211F8103680075B640 /* ImageResourceRequest.h */,
				BA1EDA221F8103680075B640 /* ImageResourceRequest.m */,
				BA1EDA241F8104860075B640 /* AudioPacketsByOffsetRequest.h */,
				BA1EDA251F8104860075B640 /* AudioPacketsByOffsetRequest.m */,
				BA0339F21FD402B80065B8B3 /* AudioPacketsByTimeRequest.h */,
				BA0339F31FD402B80065B8B3 /* AudioPacketsByTimeRequest.m */,
			);
			name = ApiRequest;
			sourceTree = "<group>";
		};
		BAF80DEB1F856F9F00E19958 /* Streaming */ = {
			isa = PBXGroup;
			children = (
				BAF80DEF1F856FFE00E19958 /* StreamingSession.h */,
				BAF80DF01F856FFE00E19958 /* StreamingSession.m */,
				BAF80DF21F85701C00E19958 /* StreamingSessionSettings.h */,
				BAF80DF31F85701C00E19958 /* StreamingSessionSettings.m */,
				BAAB20C41F88D84F00F3EF77 /* MediaStreamSource.h */,
				BAAB20D11F88F21E00F3EF77 /* WebApiAudioStreamSource.h */,
				BAAB20D21F88F21E00F3EF77 /* WebApiAudioStreamSource.m */,
				BAAB20D41F88F2B800F3EF77 /* WebApiAudioStreamReaderSettings.h */,
				BAAB20D51F88F2B800F3EF77 /* WebApiAudioStreamReaderSettings.m */,
				BAAB20D71F89384100F3EF77 /* WebApiAudioPackatesDownloader.h */,
				BAAB20D81F89384100F3EF77 /* WebApiAudioPackatesDownloader.m */,
				BA70A6AB1F8A37560080D3EE /* AudioPacketsDownloaderProtocol.h */,
				BAA45CE21FB7A62600648F1E /* AudioFileSource.h */,
				BAA45CE31FB7A62600648F1E /* AudioFileSource.m */,
			);
			name = Streaming;
			sourceTree = "<group>";
		};
		BAFC04271FE403A2002C5A84 /* ApiRequest */ = {
			isa = PBXGroup;
			children = (
				BAFC04291FE403FA002C5A84 /* WebApiRequestTests.m */,
			);
			name = ApiRequest;
			sourceTree = "<group>";
		};
		BAFC042B1FE41392002C5A84 /* Streaming */ = {
			isa = PBXGroup;
			children = (
				BAFC042C1FE414FE002C5A84 /* WebApiAudioPacketsDownloaderTests.m */,
			);
			name = Streaming;
			sourceTree = "<group>";
		};
/* End PBXGroup section */

/* Begin PBXNativeTarget section */
		BA87FBD11EE7327200F56A7A /* MediaStorageApp */ = {
			isa = PBXNativeTarget;
			buildConfigurationList = BA87FBF71EE7327300F56A7A /* Build configuration list for PBXNativeTarget "MediaStorageApp" */;
			buildPhases = (
				BA87FBCE1EE7327200F56A7A /* Sources */,
				BA87FBCF1EE7327200F56A7A /* Frameworks */,
				BA87FBD01EE7327200F56A7A /* Resources */,
			);
			buildRules = (
			);
			dependencies = (
			);
			name = MediaStorageApp;
			productName = MediaStorageApp;
			productReference = BA87FBD21EE7327300F56A7A /* MediaStorageApp.app */;
			productType = "com.apple.product-type.application";
		};
		BA87FBED1EE7327300F56A7A /* MediaStorageAppTests */ = {
			isa = PBXNativeTarget;
			buildConfigurationList = BA87FBFA1EE7327300F56A7A /* Build configuration list for PBXNativeTarget "MediaStorageAppTests" */;
			buildPhases = (
				BA87FBEA1EE7327300F56A7A /* Sources */,
				BA87FBEB1EE7327300F56A7A /* Frameworks */,
				BA87FBEC1EE7327300F56A7A /* Resources */,
			);
			buildRules = (
			);
			dependencies = (
				BA87FBF01EE7327300F56A7A /* PBXTargetDependency */,
			);
			name = MediaStorageAppTests;
			productName = MediaStorageAppTests;
			productReference = BA87FBEE1EE7327300F56A7A /* MediaStorageAppTests.xctest */;
			productType = "com.apple.product-type.bundle.unit-test";
		};
/* End PBXNativeTarget section */

/* Begin PBXProject section */
		BA87FBCA1EE7327200F56A7A /* Project object */ = {
			isa = PBXProject;
			attributes = {
				LastUpgradeCheck = 0800;
				ORGANIZATIONNAME = "zaqro butskrikidze";
				TargetAttributes = {
					BA87FBD11EE7327200F56A7A = {
						CreatedOnToolsVersion = 8.0;
						ProvisioningStyle = Manual;
						SystemCapabilities = {
							com.apple.BackgroundModes = {
								enabled = 1;
							};
						};
					};
					BA87FBED1EE7327300F56A7A = {
						CreatedOnToolsVersion = 8.0;
						DevelopmentTeam = Q32RM795VQ;
						ProvisioningStyle = Automatic;
						TestTargetID = BA87FBD11EE7327200F56A7A;
					};
				};
			};
			buildConfigurationList = BA87FBCD1EE7327200F56A7A /* Build configuration list for PBXProject "MediaStorageApp" */;
			compatibilityVersion = "Xcode 3.2";
			developmentRegion = English;
			hasScannedForEncodings = 0;
			knownRegions = (
				en,
				Base,
			);
			mainGroup = BA87FBC91EE7327200F56A7A;
			productRefGroup = BA87FBD31EE7327300F56A7A /* Products */;
			projectDirPath = "";
			projectReferences = (
				{
					ProductGroup = BA87FC081EE7384600F56A7A /* Products */;
					ProjectRef = BA87FC071EE7384600F56A7A /* Mercury.xcodeproj */;
				},
			);
			projectRoot = "";
			targets = (
				BA87FBD11EE7327200F56A7A /* MediaStorageApp */,
				BA87FBED1EE7327300F56A7A /* MediaStorageAppTests */,
			);
		};
/* End PBXProject section */

/* Begin PBXReferenceProxy section */
		BA87FC0C1EE7384600F56A7A /* libMercury.a */ = {
			isa = PBXReferenceProxy;
			fileType = archive.ar;
			path = libMercury.a;
			remoteRef = BA87FC0B1EE7384600F56A7A /* PBXContainerItemProxy */;
			sourceTree = BUILT_PRODUCTS_DIR;
		};
/* End PBXReferenceProxy section */

/* Begin PBXResourcesBuildPhase section */
		BA87FBD01EE7327200F56A7A /* Resources */ = {
			isa = PBXResourcesBuildPhase;
			buildActionMask = 2147483647;
			files = (
				BAB320531F12437300F3C1BC /* Songs.storyboard in Resources */,
				BA87FBE81EE7327300F56A7A /* LaunchScreen.storyboard in Resources */,
				BAB3204F1F12433200F3C1BC /* Albums.storyboard in Resources */,
				BA87FBE51EE7327300F56A7A /* Assets.xcassets in Resources */,
				BA87FBE01EE7327300F56A7A /* Main.storyboard in Resources */,
				BAB320511F12435400F3C1BC /* NowPlaying.storyboard in Resources */,
				BAB3204D1F12430800F3C1BC /* Artists.storyboard in Resources */,
			);
			runOnlyForDeploymentPostprocessing = 0;
		};
		BA87FBEC1EE7327300F56A7A /* Resources */ = {
			isa = PBXResourcesBuildPhase;
			buildActionMask = 2147483647;
			files = (
			);
			runOnlyForDeploymentPostprocessing = 0;
		};
/* End PBXResourcesBuildPhase section */

/* Begin PBXSourcesBuildPhase section */
		BA87FBCE1EE7327200F56A7A /* Sources */ = {
			isa = PBXSourcesBuildPhase;
			buildActionMask = 2147483647;
			files = (
				BA3638341F9BD12E00BAD05A /* StreamPlayerPlaylist.m in Sources */,
				BA34D6FA1F05AE340041EA39 /* NowPlayingController.m in Sources */,
				BA744A5A1FAE586600962CA8 /* MediaPlayerControlCenter.m in Sources */,
				BA0339F41FD402B80065B8B3 /* AudioPacketsByTimeRequest.m in Sources */,
				BA15B6E71F9B625A0038F066 /* AudioMetadataInfo.m in Sources */,
				BAAB20D61F88F2B800F3EF77 /* WebApiAudioStreamReaderSettings.m in Sources */,
				BA34D6E91F05A96F0041EA39 /* MediaLibraryInfo.cpp in Sources */,
				BAD51E251F7FE15300B34D7D /* AuthRequest.m in Sources */,
				BA49BDF01FCAF3400030C7A3 /* AlbumsTableViewCell.m in Sources */,
				BAF80DF41F85701C00E19958 /* StreamingSessionSettings.m in Sources */,
				BAB320401F12385800F3C1BC /* ArtistsViewController.m in Sources */,
				BA34D6F11F05A96F0041EA39 /* SessionInfo.cpp in Sources */,
				BAD51E281F7FE57600B34D7D /* ApiRequestBase.m in Sources */,
				BAF80DF11F856FFE00E19958 /* StreamingSession.m in Sources */,
				BAAB20D31F88F21E00F3EF77 /* WebApiAudioStreamSource.m in Sources */,
				BAF559AC1FAF3A1D0097E03A /* StreamingSession+ApiRequests.m in Sources */,
				BA34D6FB1F05AE340041EA39 /* SongsTableViewController.m in Sources */,
				BA34D6EE1F05A96F0041EA39 /* MLPlaylist.cpp in Sources */,
				BA87FBDA1EE7327300F56A7A /* AppDelegate.m in Sources */,
				BA1EDA1D1F8102480075B640 /* LibraryInfoRequest.m in Sources */,
				BA3638331F9BD12E00BAD05A /* StreamPlayerManager.m in Sources */,
				BA3638381F9BE9F400BAD05A /* AudioStreamDecoder.m in Sources */,
				BA87FBE31EE7327300F56A7A /* MediaStorageApp.xcdatamodeld in Sources */,
				BA744A561FAE583800962CA8 /* AudioMetadataInfo+DataContracts.m in Sources */,
				BA34D6EC1F05A96F0041EA39 /* MLAlbum.cpp in Sources */,
				BA87FBD71EE7327300F56A7A /* main.m in Sources */,
				BAAB20D01F88E21D00F3EF77 /* NSString+MercuryString.m in Sources */,
				BA34D6EB1F05A96F0041EA39 /* MediaPackets.cpp in Sources */,
				BA34D6EA1F05A96F0041EA39 /* MediaPacket.cpp in Sources */,
				BA3638321F9BD12E00BAD05A /* Player.m in Sources */,
				BA49BDEB1FCAE6BB0030C7A3 /* AlbumSongsTableViewCell.m in Sources */,
				BAAB20D91F89384100F3EF77 /* WebApiAudioPackatesDownloader.m in Sources */,
				BA34D6D51F05A94F0041EA39 /* MediaStreamingService.m in Sources */,
				BA34D6F01F05A96F0041EA39 /* MLSong.cpp in Sources */,
				BA83ED951EF5C9C1000E5DDA /* CustomPresentationController.m in Sources */,
				BA1EDA261F8104860075B640 /* AudioPacketsByOffsetRequest.m in Sources */,
				BA4A20431F9D42F1009DA8BF /* AudioStreamPacketsInfo.m in Sources */,
				BAB320681F1270DC00F3C1BC /* MainTabBarController.m in Sources */,
				BA34D6F91F05AE340041EA39 /* AlbumsViewController.m in Sources */,
				BA1EDA231F8103680075B640 /* ImageResourceRequest.m in Sources */,
				BA34D6ED1F05A96F0041EA39 /* MLArtist.cpp in Sources */,
				BA34D6EF1F05A96F0041EA39 /* MLPlaylistSong.cpp in Sources */,
				BAA45CE41FB7A62600648F1E /* AudioFileSource.m in Sources */,
			);
			runOnlyForDeploymentPostprocessing = 0;
		};
		BA87FBEA1EE7327300F56A7A /* Sources */ = {
			isa = PBXSourcesBuildPhase;
			buildActionMask = 2147483647;
			files = (
				BAF559AD1FAF3A1D0097E03A /* StreamingSession+ApiRequests.m in Sources */,
				BA8B442D1FDC220F005DBCA2 /* WebApiAudioStreamSource.m in Sources */,
				BA8B44301FDC221D005DBCA2 /* StreamingSessionSettings.m in Sources */,
				BA4A20441F9D42F1009DA8BF /* AudioStreamPacketsInfo.m in Sources */,
				BA8B44331FDC2231005DBCA2 /* NSString+MercuryString.m in Sources */,
				BA0339F51FD402B80065B8B3 /* AudioPacketsByTimeRequest.m in Sources */,
				BA8B44321FDC222D005DBCA2 /* AudioMetadataInfo+DataContracts.m in Sources */,
				BA8B44351FDC2342005DBCA2 /* AudioFileSourceTests.m in Sources */,
				BA15B6EE1F9B78590038F066 /* MLSong.cpp in Sources */,
				BA87FBF31EE7327300F56A7A /* MediaStorageAppTests.m in Sources */,
				BAFC042E1FE4171C002C5A84 /* WebApiAudioStreamReaderSettings.m in Sources */,
				BAA45CE51FB7A62600648F1E /* AudioFileSource.m in Sources */,
				BAFC042A1FE403FA002C5A84 /* WebApiRequestTests.m in Sources */,
				BA15B6F01F9B78BE0038F066 /* ModiaStorageAppModelTests.m in Sources */,
				BAFC042D1FE414FE002C5A84 /* WebApiAudioPacketsDownloaderTests.m in Sources */,
				BA8B44311FDC2222005DBCA2 /* StreamingSession.m in Sources */,
				BA15B6ED1F9B78550038F066 /* MLArtist.cpp in Sources */,
				BA15B6EB1F9B78340038F066 /* AudioMetadataInfo.m in Sources */,
				BA15B6EC1F9B784F0038F066 /* MLAlbum.cpp in Sources */,
				BA8B442F1FDC2216005DBCA2 /* WebApiAudioPackatesDownloader.m in Sources */,
			);
			runOnlyForDeploymentPostprocessing = 0;
		};
/* End PBXSourcesBuildPhase section */

/* Begin PBXTargetDependency section */
		BA87FBF01EE7327300F56A7A /* PBXTargetDependency */ = {
			isa = PBXTargetDependency;
			target = BA87FBD11EE7327200F56A7A /* MediaStorageApp */;
			targetProxy = BA87FBEF1EE7327300F56A7A /* PBXContainerItemProxy */;
		};
/* End PBXTargetDependency section */

/* Begin PBXVariantGroup section */
		BA87FBDE1EE7327300F56A7A /* Main.storyboard */ = {
			isa = PBXVariantGroup;
			children = (
				BA87FBDF1EE7327300F56A7A /* Base */,
			);
			name = Main.storyboard;
			sourceTree = "<group>";
		};
		BA87FBE61EE7327300F56A7A /* LaunchScreen.storyboard */ = {
			isa = PBXVariantGroup;
			children = (
				BA87FBE71EE7327300F56A7A /* Base */,
			);
			name = LaunchScreen.storyboard;
			sourceTree = "<group>";
		};
/* End PBXVariantGroup section */

/* Begin XCBuildConfiguration section */
		BA87FBF51EE7327300F56A7A /* Debug */ = {
			isa = XCBuildConfiguration;
			buildSettings = {
				ALWAYS_SEARCH_USER_PATHS = NO;
				CLANG_ANALYZER_NONNULL = YES;
				CLANG_CXX_LANGUAGE_STANDARD = "gnu++0x";
				CLANG_CXX_LIBRARY = "libc++";
				CLANG_ENABLE_MODULES = YES;
				CLANG_ENABLE_OBJC_ARC = YES;
				CLANG_WARN_BOOL_CONVERSION = YES;
				CLANG_WARN_CONSTANT_CONVERSION = YES;
				CLANG_WARN_DIRECT_OBJC_ISA_USAGE = YES_ERROR;
				CLANG_WARN_DOCUMENTATION_COMMENTS = YES;
				CLANG_WARN_EMPTY_BODY = YES;
				CLANG_WARN_ENUM_CONVERSION = YES;
				CLANG_WARN_INFINITE_RECURSION = YES;
				CLANG_WARN_INT_CONVERSION = YES;
				CLANG_WARN_OBJC_ROOT_CLASS = YES_ERROR;
				CLANG_WARN_SUSPICIOUS_MOVES = YES;
				CLANG_WARN_UNREACHABLE_CODE = YES;
				CLANG_WARN__DUPLICATE_METHOD_MATCH = YES;
				CODE_SIGN_IDENTITY = "iPhone Developer: zqrtalent1@gmail.com (Q96HQ957R5)";
				"CODE_SIGN_IDENTITY[sdk=iphoneos*]" = "";
				COPY_PHASE_STRIP = NO;
				DEBUG_INFORMATION_FORMAT = dwarf;
				ENABLE_STRICT_OBJC_MSGSEND = YES;
				ENABLE_TESTABILITY = YES;
				GCC_C_LANGUAGE_STANDARD = gnu99;
				GCC_DYNAMIC_NO_PIC = NO;
				GCC_INPUT_FILETYPE = automatic;
				GCC_NO_COMMON_BLOCKS = YES;
				GCC_OPTIMIZATION_LEVEL = 0;
				GCC_PREPROCESSOR_DEFINITIONS = (
					"DEBUG=1",
					"$(inherited)",
				);
				GCC_WARN_64_TO_32_BIT_CONVERSION = YES;
				GCC_WARN_ABOUT_RETURN_TYPE = YES_ERROR;
				GCC_WARN_UNDECLARED_SELECTOR = YES;
				GCC_WARN_UNINITIALIZED_AUTOS = YES_AGGRESSIVE;
				GCC_WARN_UNUSED_FUNCTION = YES;
				GCC_WARN_UNUSED_VARIABLE = YES;
				IPHONEOS_DEPLOYMENT_TARGET = 10.0;
				MTL_ENABLE_DEBUG_INFO = YES;
				ONLY_ACTIVE_ARCH = YES;
				SDKROOT = iphoneos;
			};
			name = Debug;
		};
		BA87FBF61EE7327300F56A7A /* Release */ = {
			isa = XCBuildConfiguration;
			buildSettings = {
				ALWAYS_SEARCH_USER_PATHS = NO;
				CLANG_ANALYZER_NONNULL = YES;
				CLANG_CXX_LANGUAGE_STANDARD = "gnu++0x";
				CLANG_CXX_LIBRARY = "libc++";
				CLANG_ENABLE_MODULES = YES;
				CLANG_ENABLE_OBJC_ARC = YES;
				CLANG_WARN_BOOL_CONVERSION = YES;
				CLANG_WARN_CONSTANT_CONVERSION = YES;
				CLANG_WARN_DIRECT_OBJC_ISA_USAGE = YES_ERROR;
				CLANG_WARN_DOCUMENTATION_COMMENTS = YES;
				CLANG_WARN_EMPTY_BODY = YES;
				CLANG_WARN_ENUM_CONVERSION = YES;
				CLANG_WARN_INFINITE_RECURSION = YES;
				CLANG_WARN_INT_CONVERSION = YES;
				CLANG_WARN_OBJC_ROOT_CLASS = YES_ERROR;
				CLANG_WARN_SUSPICIOUS_MOVES = YES;
				CLANG_WARN_UNREACHABLE_CODE = YES;
				CLANG_WARN__DUPLICATE_METHOD_MATCH = YES;
				CODE_SIGN_IDENTITY = "iPhone Developer: zqrtalent1@gmail.com (Q96HQ957R5)";
				"CODE_SIGN_IDENTITY[sdk=iphoneos*]" = "iPhone Developer";
				COPY_PHASE_STRIP = NO;
				DEBUG_INFORMATION_FORMAT = "dwarf-with-dsym";
				ENABLE_NS_ASSERTIONS = NO;
				ENABLE_STRICT_OBJC_MSGSEND = YES;
				GCC_C_LANGUAGE_STANDARD = gnu99;
				GCC_INPUT_FILETYPE = automatic;
				GCC_NO_COMMON_BLOCKS = YES;
				GCC_WARN_64_TO_32_BIT_CONVERSION = YES;
				GCC_WARN_ABOUT_RETURN_TYPE = YES_ERROR;
				GCC_WARN_UNDECLARED_SELECTOR = YES;
				GCC_WARN_UNINITIALIZED_AUTOS = YES_AGGRESSIVE;
				GCC_WARN_UNUSED_FUNCTION = YES;
				GCC_WARN_UNUSED_VARIABLE = YES;
				IPHONEOS_DEPLOYMENT_TARGET = 10.0;
				MTL_ENABLE_DEBUG_INFO = NO;
				SDKROOT = iphoneos;
				VALIDATE_PRODUCT = YES;
			};
			name = Release;
		};
		BA87FBF81EE7327300F56A7A /* Debug */ = {
			isa = XCBuildConfiguration;
			buildSettings = {
				ASSETCATALOG_COMPILER_APPICON_NAME = AppIcon;
				CLANG_CXX_LANGUAGE_STANDARD = "gnu++0x";
				CLANG_CXX_LIBRARY = "libc++";
				CODE_SIGN_IDENTITY = "iPhone Developer: zqrtalent1@gmail.com (Q96HQ957R5)";
				"CODE_SIGN_IDENTITY[sdk=iphoneos*]" = "";
				DEVELOPMENT_TEAM = "";
				ENABLE_TESTABILITY = YES;
				GCC_INPUT_FILETYPE = sourcecode.cpp.objcpp;
				GCC_PREPROCESSOR_DEFINITIONS = "$(inherited)";
				INFOPLIST_FILE = MediaStorageApp/Info.plist;
				IPHONEOS_DEPLOYMENT_TARGET = 10.0;
				LD_RUNPATH_SEARCH_PATHS = "$(inherited) @executable_path/Frameworks";
				OTHER_LDFLAGS = "";
				PRODUCT_BUNDLE_IDENTIFIER = ZqrTalent.MediaStorageApp;
				PRODUCT_NAME = "$(TARGET_NAME)";
				TARGETED_DEVICE_FAMILY = "1,2";
				USER_HEADER_SEARCH_PATHS = "../../lame/lame ../../Mercury";
			};
			name = Debug;
		};
		BA87FBF91EE7327300F56A7A /* Release */ = {
			isa = XCBuildConfiguration;
			buildSettings = {
				ASSETCATALOG_COMPILER_APPICON_NAME = AppIcon;
				CLANG_CXX_LANGUAGE_STANDARD = "gnu++0x";
				CLANG_CXX_LIBRARY = "libc++";
				CODE_SIGN_IDENTITY = "iPhone Developer: zqrtalent1@gmail.com (Q96HQ957R5)";
				"CODE_SIGN_IDENTITY[sdk=iphoneos*]" = "";
				DEVELOPMENT_TEAM = "";
				ENABLE_TESTABILITY = YES;
				GCC_INPUT_FILETYPE = sourcecode.cpp.objcpp;
				GCC_PREPROCESSOR_DEFINITIONS = "$(inherited)";
				INFOPLIST_FILE = MediaStorageApp/Info.plist;
				IPHONEOS_DEPLOYMENT_TARGET = 10.0;
				LD_RUNPATH_SEARCH_PATHS = "$(inherited) @executable_path/Frameworks";
				OTHER_LDFLAGS = "";
				PRODUCT_BUNDLE_IDENTIFIER = ZqrTalent.MediaStorageApp;
				PRODUCT_NAME = "$(TARGET_NAME)";
				TARGETED_DEVICE_FAMILY = "1,2";
				USER_HEADER_SEARCH_PATHS = "../../lame/lame ../../Mercury";
			};
			name = Release;
		};
		BA87FBFB1EE7327300F56A7A /* Debug */ = {
			isa = XCBuildConfiguration;
			buildSettings = {
				BUNDLE_LOADER = "$(TEST_HOST)";
				DEVELOPMENT_TEAM = Q32RM795VQ;
				GCC_INPUT_FILETYPE = sourcecode.cpp.objcpp;
				INFOPLIST_FILE = MediaStorageAppTests/Info.plist;
				LD_RUNPATH_SEARCH_PATHS = "$(inherited) @executable_path/Frameworks @loader_path/Frameworks";
				PRODUCT_BUNDLE_IDENTIFIER = ZqrTalent.MediaStorageAppTests;
				PRODUCT_NAME = "$(TARGET_NAME)";
				TEST_HOST = "$(BUILT_PRODUCTS_DIR)/MediaStorageApp.app/MediaStorageApp";
				USER_HEADER_SEARCH_PATHS = ../../Mercury;
			};
			name = Debug;
		};
		BA87FBFC1EE7327300F56A7A /* Release */ = {
			isa = XCBuildConfiguration;
			buildSettings = {
				BUNDLE_LOADER = "$(TEST_HOST)";
				DEVELOPMENT_TEAM = Q32RM795VQ;
				GCC_INPUT_FILETYPE = sourcecode.cpp.objcpp;
				INFOPLIST_FILE = MediaStorageAppTests/Info.plist;
				LD_RUNPATH_SEARCH_PATHS = "$(inherited) @executable_path/Frameworks @loader_path/Frameworks";
				PRODUCT_BUNDLE_IDENTIFIER = ZqrTalent.MediaStorageAppTests;
				PRODUCT_NAME = "$(TARGET_NAME)";
				TEST_HOST = "$(BUILT_PRODUCTS_DIR)/MediaStorageApp.app/MediaStorageApp";
				USER_HEADER_SEARCH_PATHS = ../../Mercury;
			};
			name = Release;
		};
/* End XCBuildConfiguration section */

/* Begin XCConfigurationList section */
		BA87FBCD1EE7327200F56A7A /* Build configuration list for PBXProject "MediaStorageApp" */ = {
			isa = XCConfigurationList;
			buildConfigurations = (
				BA87FBF51EE7327300F56A7A /* Debug */,
				BA87FBF61EE7327300F56A7A /* Release */,
			);
			defaultConfigurationIsVisible = 0;
			defaultConfigurationName = Release;
		};
		BA87FBF71EE7327300F56A7A /* Build configuration list for PBXNativeTarget "MediaStorageApp" */ = {
			isa = XCConfigurationList;
			buildConfigurations = (
				BA87FBF81EE7327300F56A7A /* Debug */,
				BA87FBF91EE7327300F56A7A /* Release */,
			);
			defaultConfigurationIsVisible = 0;
			defaultConfigurationName = Release;
		};
		BA87FBFA1EE7327300F56A7A /* Build configuration list for PBXNativeTarget "MediaStorageAppTests" */ = {
			isa = XCConfigurationList;
			buildConfigurations = (
				BA87FBFB1EE7327300F56A7A /* Debug */,
				BA87FBFC1EE7327300F56A7A /* Release */,
			);
			defaultConfigurationIsVisible = 0;
			defaultConfigurationName = Release;
		};
/* End XCConfigurationList section */

/* Begin XCVersionGroup section */
		BA87FBE11EE7327300F56A7A /* MediaStorageApp.xcdatamodeld */ = {
			isa = XCVersionGroup;
			children = (
				BA87FBE21EE7327300F56A7A /* MediaStorageApp.xcdatamodel */,
			);
			currentVersion = BA87FBE21EE7327300F56A7A /* MediaStorageApp.xcdatamodel */;
			path = MediaStorageApp.xcdatamodeld;
			sourceTree = "<group>";
			versionGroupType = wrapper.xcdatamodel;
		};
/* End XCVersionGroup section */
	};
	rootObject = BA87FBCA1EE7327200F56A7A /* Project object */;
}
